// !$*UTF8*$!
{
	archiveVersion = 1;
	classes = {
	};
	objectVersion = 46;
	objects = {

/* Begin PBXBuildFile section */
		09006219160FEB3100360BFE /* DataManager.m in Sources */ = {isa = PBXBuildFile; fileRef = 09006218160FEB3100360BFE /* DataManager.m */; };
		09006229160FEE4700360BFE /* Algorithm.m in Sources */ = {isa = PBXBuildFile; fileRef = 09006228160FEE4700360BFE /* Algorithm.m */; };
		09006234160FEE8400360BFE /* RelatedFiles.m in Sources */ = {isa = PBXBuildFile; fileRef = 09006231160FEE8400360BFE /* RelatedFiles.m */; };
		09006235160FEE8400360BFE /* Category.m in Sources */ = {isa = PBXBuildFile; fileRef = 09006233160FEE8400360BFE /* Category.m */; };
		091F64AE160E5D0200F9439A /* CodeViewController.m in Sources */ = {isa = PBXBuildFile; fileRef = 091F64AD160E5D0200F9439A /* CodeViewController.m */; };
		094B746A160A6EF000C47C3E /* arrow_right.png in Resources */ = {isa = PBXBuildFile; fileRef = 094B7469160A6EF000C47C3E /* arrow_right.png */; };
		094B746D160A6F3200C47C3E /* ArrowView.m in Sources */ = {isa = PBXBuildFile; fileRef = 094B746C160A6F3200C47C3E /* ArrowView.m */; };
		0954340C1606D232001D3E5D /* UIKit.framework in Frameworks */ = {isa = PBXBuildFile; fileRef = 0954340B1606D232001D3E5D /* UIKit.framework */; };
		0954340E1606D232001D3E5D /* Foundation.framework in Frameworks */ = {isa = PBXBuildFile; fileRef = 0954340D1606D232001D3E5D /* Foundation.framework */; };
		095434101606D232001D3E5D /* CoreGraphics.framework in Frameworks */ = {isa = PBXBuildFile; fileRef = 0954340F1606D232001D3E5D /* CoreGraphics.framework */; };
		095434121606D232001D3E5D /* CoreData.framework in Frameworks */ = {isa = PBXBuildFile; fileRef = 095434111606D232001D3E5D /* CoreData.framework */; };
		095434181606D232001D3E5D /* InfoPlist.strings in Resources */ = {isa = PBXBuildFile; fileRef = 095434161606D232001D3E5D /* InfoPlist.strings */; };
		0954341A1606D232001D3E5D /* main.m in Sources */ = {isa = PBXBuildFile; fileRef = 095434191606D232001D3E5D /* main.m */; };
		0954341E1606D232001D3E5D /* AppDelegate.m in Sources */ = {isa = PBXBuildFile; fileRef = 0954341D1606D232001D3E5D /* AppDelegate.m */; };
		095434211606D232001D3E5D /* MainStoryboard.storyboard in Resources */ = {isa = PBXBuildFile; fileRef = 0954341F1606D232001D3E5D /* MainStoryboard.storyboard */; };
		095434241606D232001D3E5D /* Algorithms.xcdatamodeld in Sources */ = {isa = PBXBuildFile; fileRef = 095434221606D232001D3E5D /* Algorithms.xcdatamodeld */; };
		095434271606D232001D3E5D /* MasterViewController.m in Sources */ = {isa = PBXBuildFile; fileRef = 095434261606D232001D3E5D /* MasterViewController.m */; };
		095434321606D233001D3E5D /* SenTestingKit.framework in Frameworks */ = {isa = PBXBuildFile; fileRef = 095434311606D233001D3E5D /* SenTestingKit.framework */; };
		095434331606D233001D3E5D /* UIKit.framework in Frameworks */ = {isa = PBXBuildFile; fileRef = 0954340B1606D232001D3E5D /* UIKit.framework */; };
		095434341606D233001D3E5D /* Foundation.framework in Frameworks */ = {isa = PBXBuildFile; fileRef = 0954340D1606D232001D3E5D /* Foundation.framework */; };
		095434351606D233001D3E5D /* CoreData.framework in Frameworks */ = {isa = PBXBuildFile; fileRef = 095434111606D232001D3E5D /* CoreData.framework */; };
		0954343D1606D233001D3E5D /* InfoPlist.strings in Resources */ = {isa = PBXBuildFile; fileRef = 0954343B1606D233001D3E5D /* InfoPlist.strings */; };
		095434401606D233001D3E5D /* AlgorithmsTests.m in Sources */ = {isa = PBXBuildFile; fileRef = 0954343F1606D233001D3E5D /* AlgorithmsTests.m */; };
		0954344C1606D5F3001D3E5D /* LinkedListViewController.m in Sources */ = {isa = PBXBuildFile; fileRef = 0954344B1606D5F3001D3E5D /* LinkedListViewController.m */; };
		0954344F1606D875001D3E5D /* LinkedList.m in Sources */ = {isa = PBXBuildFile; fileRef = 0954344E1606D875001D3E5D /* LinkedList.m */; };
		095434521606D895001D3E5D /* Node.m in Sources */ = {isa = PBXBuildFile; fileRef = 095434511606D895001D3E5D /* Node.m */; };
		09584E10160E4FC200AF8427 /* LinkedList.m in CopyFiles */ = {isa = PBXBuildFile; fileRef = 0954344E1606D875001D3E5D /* LinkedList.m */; };
		09584E11160E4FC900AF8427 /* LinkedList.h in CopyFiles */ = {isa = PBXBuildFile; fileRef = 0954344D1606D875001D3E5D /* LinkedList.h */; };
		09584E12160E4FD000AF8427 /* Node.h in CopyFiles */ = {isa = PBXBuildFile; fileRef = 095434501606D895001D3E5D /* Node.h */; };
		09584E13160E4FD200AF8427 /* Node.m in CopyFiles */ = {isa = PBXBuildFile; fileRef = 095434511606D895001D3E5D /* Node.m */; };
		09584E16160E55B000AF8427 /* CodePopoverController.m in Sources */ = {isa = PBXBuildFile; fileRef = 09584E15160E55B000AF8427 /* CodePopoverController.m */; };
		096912C9160A6BE600E5AFB7 /* QuartzCore.framework in Frameworks */ = {isa = PBXBuildFile; fileRef = 096912C8160A6BE600E5AFB7 /* QuartzCore.framework */; };
		099EC975160FDC3C00FD136A /* Objects.json in Resources */ = {isa = PBXBuildFile; fileRef = 099EC974160FDC3C00FD136A /* Objects.json */; };
		09E9573A1609500500F5D573 /* StackViewController.m in Sources */ = {isa = PBXBuildFile; fileRef = 09E957391609500500F5D573 /* StackViewController.m */; };
		09E9573D1609501800F5D573 /* Stack.m in Sources */ = {isa = PBXBuildFile; fileRef = 09E9573C1609501800F5D573 /* Stack.m */; };
		09E957401609525900F5D573 /* LinkedListView.m in Sources */ = {isa = PBXBuildFile; fileRef = 09E9573F1609525900F5D573 /* LinkedListView.m */; };
		09E957431609531B00F5D573 /* ListNodeView.m in Sources */ = {isa = PBXBuildFile; fileRef = 09E957421609531B00F5D573 /* ListNodeView.m */; };
		09F0D3F4160CEB9600CF657E /* arrow_right_filled.png in Resources */ = {isa = PBXBuildFile; fileRef = 09F0D3F0160CEB9600CF657E /* arrow_right_filled.png */; };
		09F0D3F5160CEB9600CF657E /* arrow_right_filled@2x.png in Resources */ = {isa = PBXBuildFile; fileRef = 09F0D3F1160CEB9600CF657E /* arrow_right_filled@2x.png */; };
		09F0D3F7160CEB9600CF657E /* arrow_right@2x.png in Resources */ = {isa = PBXBuildFile; fileRef = 09F0D3F3160CEB9600CF657E /* arrow_right@2x.png */; };
		09F0D403160CF04A00CF657E /* DataViewController.m in Sources */ = {isa = PBXBuildFile; fileRef = 09F0D402160CF04A00CF657E /* DataViewController.m */; };
		09F929F8160EB68900FC497A /* prettify.js in CopyFiles */ = {isa = PBXBuildFile; fileRef = 09F929DD160EB4F400FC497A /* prettify.js */; };
		09F929F9160EB68C00FC497A /* prettify.css in CopyFiles */ = {isa = PBXBuildFile; fileRef = 09F929DC160EB4F400FC497A /* prettify.css */; };
		09F92A00160EC0EF00FC497A /* desert.css in CopyFiles */ = {isa = PBXBuildFile; fileRef = 09F929FE160EC0B700FC497A /* desert.css */; };
		09F92A01160EC0F100FC497A /* sunburst.css in CopyFiles */ = {isa = PBXBuildFile; fileRef = 09F929FC160EC06B00FC497A /* sunburst.css */; };
		09F92A02160EC0F300FC497A /* sons-of-obsidian.css in CopyFiles */ = {isa = PBXBuildFile; fileRef = 09F929FA160EC04700FC497A /* sons-of-obsidian.css */; };
/* End PBXBuildFile section */

/* Begin PBXContainerItemProxy section */
		095434361606D233001D3E5D /* PBXContainerItemProxy */ = {
			isa = PBXContainerItemProxy;
			containerPortal = 095433FE1606D232001D3E5D /* Project object */;
			proxyType = 1;
			remoteGlobalIDString = 095434061606D232001D3E5D;
			remoteInfo = Algorithms;
		};
/* End PBXContainerItemProxy section */

/* Begin PBXCopyFilesBuildPhase section */
		09584E0E160E4FA300AF8427 /* CopyFiles */ = {
			isa = PBXCopyFilesBuildPhase;
			buildActionMask = 2147483647;
			dstPath = code;
			dstSubfolderSpec = 7;
			files = (
				09584E10160E4FC200AF8427 /* LinkedList.m in CopyFiles */,
				09584E11160E4FC900AF8427 /* LinkedList.h in CopyFiles */,
				09584E13160E4FD200AF8427 /* Node.m in CopyFiles */,
				09584E12160E4FD000AF8427 /* Node.h in CopyFiles */,
			);
			runOnlyForDeploymentPostprocessing = 0;
		};
		09F929F3160EB65500FC497A /* CopyFiles */ = {
			isa = PBXCopyFilesBuildPhase;
			buildActionMask = 2147483647;
			dstPath = js;
			dstSubfolderSpec = 7;
			files = (
				09F929F8160EB68900FC497A /* prettify.js in CopyFiles */,
				09F929F9160EB68C00FC497A /* prettify.css in CopyFiles */,
				09F92A01160EC0F100FC497A /* sunburst.css in CopyFiles */,
				09F92A02160EC0F300FC497A /* sons-of-obsidian.css in CopyFiles */,
				09F92A00160EC0EF00FC497A /* desert.css in CopyFiles */,
			);
			runOnlyForDeploymentPostprocessing = 0;
		};
/* End PBXCopyFilesBuildPhase section */

/* Begin PBXFileReference section */
		09006217160FEB3100360BFE /* DataManager.h */ = {isa = PBXFileReference; fileEncoding = 4; lastKnownFileType = sourcecode.c.h; path = DataManager.h; sourceTree = "<group>"; };
		09006218160FEB3100360BFE /* DataManager.m */ = {isa = PBXFileReference; fileEncoding = 4; lastKnownFileType = sourcecode.c.objc; path = DataManager.m; sourceTree = "<group>"; };
		09006227160FEE4600360BFE /* Algorithm.h */ = {isa = PBXFileReference; fileEncoding = 4; lastKnownFileType = sourcecode.c.h; path = Algorithm.h; sourceTree = "<group>"; };
		09006228160FEE4700360BFE /* Algorithm.m */ = {isa = PBXFileReference; fileEncoding = 4; lastKnownFileType = sourcecode.c.objc; path = Algorithm.m; sourceTree = "<group>"; };
		09006230160FEE8400360BFE /* RelatedFiles.h */ = {isa = PBXFileReference; fileEncoding = 4; lastKnownFileType = sourcecode.c.h; path = RelatedFiles.h; sourceTree = "<group>"; };
		09006231160FEE8400360BFE /* RelatedFiles.m */ = {isa = PBXFileReference; fileEncoding = 4; lastKnownFileType = sourcecode.c.objc; path = RelatedFiles.m; sourceTree = "<group>"; };
		09006232160FEE8400360BFE /* Category.h */ = {isa = PBXFileReference; fileEncoding = 4; lastKnownFileType = sourcecode.c.h; path = Category.h; sourceTree = "<group>"; };
		09006233160FEE8400360BFE /* Category.m */ = {isa = PBXFileReference; fileEncoding = 4; lastKnownFileType = sourcecode.c.objc; path = Category.m; sourceTree = "<group>"; };
		091F64AC160E5D0200F9439A /* CodeViewController.h */ = {isa = PBXFileReference; fileEncoding = 4; lastKnownFileType = sourcecode.c.h; path = CodeViewController.h; sourceTree = "<group>"; };
		091F64AD160E5D0200F9439A /* CodeViewController.m */ = {isa = PBXFileReference; fileEncoding = 4; lastKnownFileType = sourcecode.c.objc; path = CodeViewController.m; sourceTree = "<group>"; };
		094B7469160A6EF000C47C3E /* arrow_right.png */ = {isa = PBXFileReference; lastKnownFileType = image.png; path = arrow_right.png; sourceTree = "<group>"; };
		094B746B160A6F3200C47C3E /* ArrowView.h */ = {isa = PBXFileReference; fileEncoding = 4; lastKnownFileType = sourcecode.c.h; path = ArrowView.h; sourceTree = "<group>"; };
		094B746C160A6F3200C47C3E /* ArrowView.m */ = {isa = PBXFileReference; fileEncoding = 4; lastKnownFileType = sourcecode.c.objc; path = ArrowView.m; sourceTree = "<group>"; };
		095434071606D232001D3E5D /* Algorithms.app */ = {isa = PBXFileReference; explicitFileType = wrapper.application; includeInIndex = 0; path = Algorithms.app; sourceTree = BUILT_PRODUCTS_DIR; };
		0954340B1606D232001D3E5D /* UIKit.framework */ = {isa = PBXFileReference; lastKnownFileType = wrapper.framework; name = UIKit.framework; path = System/Library/Frameworks/UIKit.framework; sourceTree = SDKROOT; };
		0954340D1606D232001D3E5D /* Foundation.framework */ = {isa = PBXFileReference; lastKnownFileType = wrapper.framework; name = Foundation.framework; path = System/Library/Frameworks/Foundation.framework; sourceTree = SDKROOT; };
		0954340F1606D232001D3E5D /* CoreGraphics.framework */ = {isa = PBXFileReference; lastKnownFileType = wrapper.framework; name = CoreGraphics.framework; path = System/Library/Frameworks/CoreGraphics.framework; sourceTree = SDKROOT; };
		095434111606D232001D3E5D /* CoreData.framework */ = {isa = PBXFileReference; lastKnownFileType = wrapper.framework; name = CoreData.framework; path = System/Library/Frameworks/CoreData.framework; sourceTree = SDKROOT; };
		095434151606D232001D3E5D /* Algorithms-Info.plist */ = {isa = PBXFileReference; lastKnownFileType = text.plist.xml; path = "Algorithms-Info.plist"; sourceTree = "<group>"; };
		095434171606D232001D3E5D /* en */ = {isa = PBXFileReference; lastKnownFileType = text.plist.strings; name = en; path = en.lproj/InfoPlist.strings; sourceTree = "<group>"; };
		095434191606D232001D3E5D /* main.m */ = {isa = PBXFileReference; lastKnownFileType = sourcecode.c.objc; path = main.m; sourceTree = "<group>"; };
		0954341B1606D232001D3E5D /* Algorithms-Prefix.pch */ = {isa = PBXFileReference; lastKnownFileType = sourcecode.c.h; path = "Algorithms-Prefix.pch"; sourceTree = "<group>"; };
		0954341C1606D232001D3E5D /* AppDelegate.h */ = {isa = PBXFileReference; lastKnownFileType = sourcecode.c.h; path = AppDelegate.h; sourceTree = "<group>"; };
		0954341D1606D232001D3E5D /* AppDelegate.m */ = {isa = PBXFileReference; lastKnownFileType = sourcecode.c.objc; path = AppDelegate.m; sourceTree = "<group>"; };
		095434201606D232001D3E5D /* en */ = {isa = PBXFileReference; lastKnownFileType = file.storyboard; name = en; path = en.lproj/MainStoryboard.storyboard; sourceTree = "<group>"; };
		095434231606D232001D3E5D /* Algorithms.xcdatamodel */ = {isa = PBXFileReference; lastKnownFileType = wrapper.xcdatamodel; path = Algorithms.xcdatamodel; sourceTree = "<group>"; };
		095434251606D232001D3E5D /* MasterViewController.h */ = {isa = PBXFileReference; lastKnownFileType = sourcecode.c.h; path = MasterViewController.h; sourceTree = "<group>"; };
		095434261606D232001D3E5D /* MasterViewController.m */ = {isa = PBXFileReference; lastKnownFileType = sourcecode.c.objc; path = MasterViewController.m; sourceTree = "<group>"; };
		095434301606D233001D3E5D /* AlgorithmsTests.octest */ = {isa = PBXFileReference; explicitFileType = wrapper.cfbundle; includeInIndex = 0; path = AlgorithmsTests.octest; sourceTree = BUILT_PRODUCTS_DIR; };
		095434311606D233001D3E5D /* SenTestingKit.framework */ = {isa = PBXFileReference; lastKnownFileType = wrapper.framework; name = SenTestingKit.framework; path = Library/Frameworks/SenTestingKit.framework; sourceTree = DEVELOPER_DIR; };
		0954343A1606D233001D3E5D /* AlgorithmsTests-Info.plist */ = {isa = PBXFileReference; lastKnownFileType = text.plist.xml; path = "AlgorithmsTests-Info.plist"; sourceTree = "<group>"; };
		0954343C1606D233001D3E5D /* en */ = {isa = PBXFileReference; lastKnownFileType = text.plist.strings; name = en; path = en.lproj/InfoPlist.strings; sourceTree = "<group>"; };
		0954343E1606D233001D3E5D /* AlgorithmsTests.h */ = {isa = PBXFileReference; lastKnownFileType = sourcecode.c.h; path = AlgorithmsTests.h; sourceTree = "<group>"; };
		0954343F1606D233001D3E5D /* AlgorithmsTests.m */ = {isa = PBXFileReference; lastKnownFileType = sourcecode.c.objc; path = AlgorithmsTests.m; sourceTree = "<group>"; };
		0954344A1606D5F3001D3E5D /* LinkedListViewController.h */ = {isa = PBXFileReference; fileEncoding = 4; lastKnownFileType = sourcecode.c.h; path = LinkedListViewController.h; sourceTree = "<group>"; };
		0954344B1606D5F3001D3E5D /* LinkedListViewController.m */ = {isa = PBXFileReference; fileEncoding = 4; lastKnownFileType = sourcecode.c.objc; path = LinkedListViewController.m; sourceTree = "<group>"; };
		0954344D1606D875001D3E5D /* LinkedList.h */ = {isa = PBXFileReference; fileEncoding = 4; lastKnownFileType = sourcecode.c.h; path = LinkedList.h; sourceTree = "<group>"; };
		0954344E1606D875001D3E5D /* LinkedList.m */ = {isa = PBXFileReference; fileEncoding = 4; lastKnownFileType = sourcecode.c.objc; path = LinkedList.m; sourceTree = "<group>"; };
		095434501606D895001D3E5D /* Node.h */ = {isa = PBXFileReference; fileEncoding = 4; lastKnownFileType = sourcecode.c.h; path = Node.h; sourceTree = "<group>"; };
		095434511606D895001D3E5D /* Node.m */ = {isa = PBXFileReference; fileEncoding = 4; lastKnownFileType = sourcecode.c.objc; path = Node.m; sourceTree = "<group>"; };
		09584E14160E55B000AF8427 /* CodePopoverController.h */ = {isa = PBXFileReference; fileEncoding = 4; lastKnownFileType = sourcecode.c.h; path = CodePopoverController.h; sourceTree = "<group>"; };
		09584E15160E55B000AF8427 /* CodePopoverController.m */ = {isa = PBXFileReference; fileEncoding = 4; lastKnownFileType = sourcecode.c.objc; path = CodePopoverController.m; sourceTree = "<group>"; };
		096912C8160A6BE600E5AFB7 /* QuartzCore.framework */ = {isa = PBXFileReference; lastKnownFileType = wrapper.framework; name = QuartzCore.framework; path = System/Library/Frameworks/QuartzCore.framework; sourceTree = SDKROOT; };
		099EC974160FDC3C00FD136A /* Objects.json */ = {isa = PBXFileReference; fileEncoding = 4; lastKnownFileType = text.json; path = Objects.json; sourceTree = "<group>"; };
		09E957381609500500F5D573 /* StackViewController.h */ = {isa = PBXFileReference; fileEncoding = 4; lastKnownFileType = sourcecode.c.h; path = StackViewController.h; sourceTree = "<group>"; };
		09E957391609500500F5D573 /* StackViewController.m */ = {isa = PBXFileReference; fileEncoding = 4; lastKnownFileType = sourcecode.c.objc; path = StackViewController.m; sourceTree = "<group>"; };
		09E9573B1609501800F5D573 /* Stack.h */ = {isa = PBXFileReference; fileEncoding = 4; lastKnownFileType = sourcecode.c.h; path = Stack.h; sourceTree = "<group>"; };
		09E9573C1609501800F5D573 /* Stack.m */ = {isa = PBXFileReference; fileEncoding = 4; lastKnownFileType = sourcecode.c.objc; path = Stack.m; sourceTree = "<group>"; };
		09E9573E1609525900F5D573 /* LinkedListView.h */ = {isa = PBXFileReference; fileEncoding = 4; lastKnownFileType = sourcecode.c.h; path = LinkedListView.h; sourceTree = "<group>"; };
		09E9573F1609525900F5D573 /* LinkedListView.m */ = {isa = PBXFileReference; fileEncoding = 4; lastKnownFileType = sourcecode.c.objc; path = LinkedListView.m; sourceTree = "<group>"; };
		09E957411609531B00F5D573 /* ListNodeView.h */ = {isa = PBXFileReference; fileEncoding = 4; lastKnownFileType = sourcecode.c.h; path = ListNodeView.h; sourceTree = "<group>"; };
		09E957421609531B00F5D573 /* ListNodeView.m */ = {isa = PBXFileReference; fileEncoding = 4; lastKnownFileType = sourcecode.c.objc; path = ListNodeView.m; sourceTree = "<group>"; };
		09F0D3F0160CEB9600CF657E /* arrow_right_filled.png */ = {isa = PBXFileReference; lastKnownFileType = image.png; path = arrow_right_filled.png; sourceTree = "<group>"; };
		09F0D3F1160CEB9600CF657E /* arrow_right_filled@2x.png */ = {isa = PBXFileReference; lastKnownFileType = image.png; path = "arrow_right_filled@2x.png"; sourceTree = "<group>"; };
		09F0D3F3160CEB9600CF657E /* arrow_right@2x.png */ = {isa = PBXFileReference; lastKnownFileType = image.png; path = "arrow_right@2x.png"; sourceTree = "<group>"; };
		09F0D401160CF04A00CF657E /* DataViewController.h */ = {isa = PBXFileReference; fileEncoding = 4; lastKnownFileType = sourcecode.c.h; path = DataViewController.h; sourceTree = "<group>"; };
		09F0D402160CF04A00CF657E /* DataViewController.m */ = {isa = PBXFileReference; fileEncoding = 4; lastKnownFileType = sourcecode.c.objc; path = DataViewController.m; sourceTree = "<group>"; };
		09F929DC160EB4F400FC497A /* prettify.css */ = {isa = PBXFileReference; fileEncoding = 4; lastKnownFileType = text.css; path = prettify.css; sourceTree = "<group>"; };
		09F929DD160EB4F400FC497A /* prettify.js */ = {isa = PBXFileReference; fileEncoding = 4; lastKnownFileType = sourcecode.javascript; path = prettify.js; sourceTree = "<group>"; };
		09F929FA160EC04700FC497A /* sons-of-obsidian.css */ = {isa = PBXFileReference; fileEncoding = 4; lastKnownFileType = text.css; path = "sons-of-obsidian.css"; sourceTree = "<group>"; };
		09F929FC160EC06B00FC497A /* sunburst.css */ = {isa = PBXFileReference; fileEncoding = 4; lastKnownFileType = text.css; name = sunburst.css; path = ../sunburst.css; sourceTree = "<group>"; };
		09F929FE160EC0B700FC497A /* desert.css */ = {isa = PBXFileReference; fileEncoding = 4; lastKnownFileType = text.css; path = desert.css; sourceTree = "<group>"; };
/* End PBXFileReference section */

/* Begin PBXFrameworksBuildPhase section */
		095434041606D232001D3E5D /* Frameworks */ = {
			isa = PBXFrameworksBuildPhase;
			buildActionMask = 2147483647;
			files = (
				096912C9160A6BE600E5AFB7 /* QuartzCore.framework in Frameworks */,
				0954340C1606D232001D3E5D /* UIKit.framework in Frameworks */,
				0954340E1606D232001D3E5D /* Foundation.framework in Frameworks */,
				095434101606D232001D3E5D /* CoreGraphics.framework in Frameworks */,
				095434121606D232001D3E5D /* CoreData.framework in Frameworks */,
			);
			runOnlyForDeploymentPostprocessing = 0;
		};
		0954342C1606D233001D3E5D /* Frameworks */ = {
			isa = PBXFrameworksBuildPhase;
			buildActionMask = 2147483647;
			files = (
				095434321606D233001D3E5D /* SenTestingKit.framework in Frameworks */,
				095434331606D233001D3E5D /* UIKit.framework in Frameworks */,
				095434341606D233001D3E5D /* Foundation.framework in Frameworks */,
				095434351606D233001D3E5D /* CoreData.framework in Frameworks */,
			);
			runOnlyForDeploymentPostprocessing = 0;
		};
/* End PBXFrameworksBuildPhase section */

/* Begin PBXGroup section */
		09006236160FEE8B00360BFE /* Core Data Stack */ = {
			isa = PBXGroup;
			children = (
				09006227160FEE4600360BFE /* Algorithm.h */,
				09006228160FEE4700360BFE /* Algorithm.m */,
				095434221606D232001D3E5D /* Algorithms.xcdatamodeld */,
				09006232160FEE8400360BFE /* Category.h */,
				09006233160FEE8400360BFE /* Category.m */,
				09006217160FEB3100360BFE /* DataManager.h */,
				09006218160FEB3100360BFE /* DataManager.m */,
				099EC974160FDC3C00FD136A /* Objects.json */,
				09006230160FEE8400360BFE /* RelatedFiles.h */,
				09006231160FEE8400360BFE /* RelatedFiles.m */,
			);
			name = "Core Data Stack";
			sourceTree = "<group>";
		};
		094B7467160A6EA500C47C3E /* Images */ = {
			isa = PBXGroup;
			children = (
				094B7469160A6EF000C47C3E /* arrow_right.png */,
				09F0D3F0160CEB9600CF657E /* arrow_right_filled.png */,
				09F0D3F1160CEB9600CF657E /* arrow_right_filled@2x.png */,
				09F0D3F3160CEB9600CF657E /* arrow_right@2x.png */,
			);
			name = Images;
			sourceTree = "<group>";
		};
		095433FC1606D232001D3E5D = {
			isa = PBXGroup;
			children = (
				095434131606D232001D3E5D /* Algorithms */,
				095434381606D233001D3E5D /* AlgorithmsTests */,
				0954340A1606D232001D3E5D /* Frameworks */,
				095434081606D232001D3E5D /* Products */,
			);
			sourceTree = "<group>";
		};
		095434081606D232001D3E5D /* Products */ = {
			isa = PBXGroup;
			children = (
				095434071606D232001D3E5D /* Algorithms.app */,
				095434301606D233001D3E5D /* AlgorithmsTests.octest */,
			);
			name = Products;
			sourceTree = "<group>";
		};
		0954340A1606D232001D3E5D /* Frameworks */ = {
			isa = PBXGroup;
			children = (
				096912C8160A6BE600E5AFB7 /* QuartzCore.framework */,
				0954340B1606D232001D3E5D /* UIKit.framework */,
				0954340D1606D232001D3E5D /* Foundation.framework */,
				0954340F1606D232001D3E5D /* CoreGraphics.framework */,
				095434111606D232001D3E5D /* CoreData.framework */,
				095434311606D233001D3E5D /* SenTestingKit.framework */,
			);
			name = Frameworks;
			sourceTree = "<group>";
		};
		095434131606D232001D3E5D /* Algorithms */ = {
			isa = PBXGroup;
			children = (
				0954341C1606D232001D3E5D /* AppDelegate.h */,
				0954341D1606D232001D3E5D /* AppDelegate.m */,
				0954341F1606D232001D3E5D /* MainStoryboard.storyboard */,
				095434251606D232001D3E5D /* MasterViewController.h */,
				095434261606D232001D3E5D /* MasterViewController.m */,
				09006236160FEE8B00360BFE /* Core Data Stack */,
				095434501606D895001D3E5D /* Node.h */,
				095434511606D895001D3E5D /* Node.m */,
				094B746B160A6F3200C47C3E /* ArrowView.h */,
				094B746C160A6F3200C47C3E /* ArrowView.m */,
				09F0D401160CF04A00CF657E /* DataViewController.h */,
				09F0D402160CF04A00CF657E /* DataViewController.m */,
				09584E14160E55B000AF8427 /* CodePopoverController.h */,
				09584E15160E55B000AF8427 /* CodePopoverController.m */,
				091F64AC160E5D0200F9439A /* CodeViewController.h */,
				091F64AD160E5D0200F9439A /* CodeViewController.m */,
				09E9573616094FE300F5D573 /* Stack */,
				095434491606D5BA001D3E5D /* LinkedList */,
				095434141606D232001D3E5D /* Supporting Files */,
			);
			path = Algorithms;
			sourceTree = "<group>";
		};
		095434141606D232001D3E5D /* Supporting Files */ = {
			isa = PBXGroup;
			children = (
				09F929C9160EB4F400FC497A /* prettify */,
				094B7467160A6EA500C47C3E /* Images */,
				095434151606D232001D3E5D /* Algorithms-Info.plist */,
				095434161606D232001D3E5D /* InfoPlist.strings */,
				095434191606D232001D3E5D /* main.m */,
				0954341B1606D232001D3E5D /* Algorithms-Prefix.pch */,
			);
			name = "Supporting Files";
			sourceTree = "<group>";
		};
		095434381606D233001D3E5D /* AlgorithmsTests */ = {
			isa = PBXGroup;
			children = (
				0954343E1606D233001D3E5D /* AlgorithmsTests.h */,
				0954343F1606D233001D3E5D /* AlgorithmsTests.m */,
				095434391606D233001D3E5D /* Supporting Files */,
			);
			path = AlgorithmsTests;
			sourceTree = "<group>";
		};
		095434391606D233001D3E5D /* Supporting Files */ = {
			isa = PBXGroup;
			children = (
				0954343A1606D233001D3E5D /* AlgorithmsTests-Info.plist */,
				0954343B1606D233001D3E5D /* InfoPlist.strings */,
			);
			name = "Supporting Files";
			sourceTree = "<group>";
		};
		095434491606D5BA001D3E5D /* LinkedList */ = {
			isa = PBXGroup;
			children = (
				0954344A1606D5F3001D3E5D /* LinkedListViewController.h */,
				0954344B1606D5F3001D3E5D /* LinkedListViewController.m */,
				09E9573E1609525900F5D573 /* LinkedListView.h */,
				09E9573F1609525900F5D573 /* LinkedListView.m */,
				09E957411609531B00F5D573 /* ListNodeView.h */,
				09E957421609531B00F5D573 /* ListNodeView.m */,
				0954344D1606D875001D3E5D /* LinkedList.h */,
				0954344E1606D875001D3E5D /* LinkedList.m */,
			);
			name = LinkedList;
			sourceTree = "<group>";
		};
		09E9573616094FE300F5D573 /* Stack */ = {
			isa = PBXGroup;
			children = (
				09E957381609500500F5D573 /* StackViewController.h */,
				09E957391609500500F5D573 /* StackViewController.m */,
				09E9573B1609501800F5D573 /* Stack.h */,
				09E9573C1609501800F5D573 /* Stack.m */,
			);
			name = Stack;
			sourceTree = "<group>";
		};
		09F929C9160EB4F400FC497A /* prettify */ = {
			isa = PBXGroup;
			children = (
				09F929FE160EC0B700FC497A /* desert.css */,
				09F929FC160EC06B00FC497A /* sunburst.css */,
				09F929FA160EC04700FC497A /* sons-of-obsidian.css */,
				09F929DC160EB4F400FC497A /* prettify.css */,
				09F929DD160EB4F400FC497A /* prettify.js */,
			);
			path = prettify;
			sourceTree = "<group>";
		};
/* End PBXGroup section */

/* Begin PBXNativeTarget section */
		095434061606D232001D3E5D /* Algorithms */ = {
			isa = PBXNativeTarget;
			buildConfigurationList = 095434431606D233001D3E5D /* Build configuration list for PBXNativeTarget "Algorithms" */;
			buildPhases = (
				095434031606D232001D3E5D /* Sources */,
				095434041606D232001D3E5D /* Frameworks */,
				095434051606D232001D3E5D /* Resources */,
				09584E0E160E4FA300AF8427 /* CopyFiles */,
				09F929F3160EB65500FC497A /* CopyFiles */,
			);
			buildRules = (
			);
			dependencies = (
			);
			name = Algorithms;
			productName = Algorithms;
			productReference = 095434071606D232001D3E5D /* Algorithms.app */;
			productType = "com.apple.product-type.application";
		};
		0954342F1606D233001D3E5D /* AlgorithmsTests */ = {
			isa = PBXNativeTarget;
			buildConfigurationList = 095434461606D233001D3E5D /* Build configuration list for PBXNativeTarget "AlgorithmsTests" */;
			buildPhases = (
				0954342B1606D233001D3E5D /* Sources */,
				0954342C1606D233001D3E5D /* Frameworks */,
				0954342D1606D233001D3E5D /* Resources */,
				0954342E1606D233001D3E5D /* ShellScript */,
			);
			buildRules = (
			);
			dependencies = (
				095434371606D233001D3E5D /* PBXTargetDependency */,
			);
			name = AlgorithmsTests;
			productName = AlgorithmsTests;
			productReference = 095434301606D233001D3E5D /* AlgorithmsTests.octest */;
			productType = "com.apple.product-type.bundle";
		};
/* End PBXNativeTarget section */

/* Begin PBXProject section */
		095433FE1606D232001D3E5D /* Project object */ = {
			isa = PBXProject;
			attributes = {
				LastUpgradeCheck = 0440;
				ORGANIZATIONNAME = balanceoni;
			};
			buildConfigurationList = 095434011606D232001D3E5D /* Build configuration list for PBXProject "Algorithms" */;
			compatibilityVersion = "Xcode 3.2";
			developmentRegion = English;
			hasScannedForEncodings = 0;
			knownRegions = (
				en,
			);
			mainGroup = 095433FC1606D232001D3E5D;
			productRefGroup = 095434081606D232001D3E5D /* Products */;
			projectDirPath = "";
			projectRoot = "";
			targets = (
				095434061606D232001D3E5D /* Algorithms */,
				0954342F1606D233001D3E5D /* AlgorithmsTests */,
			);
		};
/* End PBXProject section */

/* Begin PBXResourcesBuildPhase section */
		095434051606D232001D3E5D /* Resources */ = {
			isa = PBXResourcesBuildPhase;
			buildActionMask = 2147483647;
			files = (
				095434181606D232001D3E5D /* InfoPlist.strings in Resources */,
				095434211606D232001D3E5D /* MainStoryboard.storyboard in Resources */,
				094B746A160A6EF000C47C3E /* arrow_right.png in Resources */,
				09F0D3F4160CEB9600CF657E /* arrow_right_filled.png in Resources */,
				09F0D3F5160CEB9600CF657E /* arrow_right_filled@2x.png in Resources */,
				09F0D3F7160CEB9600CF657E /* arrow_right@2x.png in Resources */,
				099EC975160FDC3C00FD136A /* Objects.json in Resources */,
			);
			runOnlyForDeploymentPostprocessing = 0;
		};
		0954342D1606D233001D3E5D /* Resources */ = {
			isa = PBXResourcesBuildPhase;
			buildActionMask = 2147483647;
			files = (
				0954343D1606D233001D3E5D /* InfoPlist.strings in Resources */,
			);
			runOnlyForDeploymentPostprocessing = 0;
		};
/* End PBXResourcesBuildPhase section */

/* Begin PBXShellScriptBuildPhase section */
		0954342E1606D233001D3E5D /* ShellScript */ = {
			isa = PBXShellScriptBuildPhase;
			buildActionMask = 2147483647;
			files = (
			);
			inputPaths = (
			);
			outputPaths = (
			);
			runOnlyForDeploymentPostprocessing = 0;
			shellPath = /bin/sh;
			shellScript = "# Run the unit tests in this test bundle.\n\"${SYSTEM_DEVELOPER_DIR}/Tools/RunUnitTests\"\n";
		};
/* End PBXShellScriptBuildPhase section */

/* Begin PBXSourcesBuildPhase section */
		095434031606D232001D3E5D /* Sources */ = {
			isa = PBXSourcesBuildPhase;
			buildActionMask = 2147483647;
			files = (
				0954341A1606D232001D3E5D /* main.m in Sources */,
				0954341E1606D232001D3E5D /* AppDelegate.m in Sources */,
				095434241606D232001D3E5D /* Algorithms.xcdatamodeld in Sources */,
				095434271606D232001D3E5D /* MasterViewController.m in Sources */,
				0954344C1606D5F3001D3E5D /* LinkedListViewController.m in Sources */,
				0954344F1606D875001D3E5D /* LinkedList.m in Sources */,
				095434521606D895001D3E5D /* Node.m in Sources */,
				09E9573A1609500500F5D573 /* StackViewController.m in Sources */,
				09E9573D1609501800F5D573 /* Stack.m in Sources */,
				09E957401609525900F5D573 /* LinkedListView.m in Sources */,
				09E957431609531B00F5D573 /* ListNodeView.m in Sources */,
				094B746D160A6F3200C47C3E /* ArrowView.m in Sources */,
				09F0D403160CF04A00CF657E /* DataViewController.m in Sources */,
				09584E16160E55B000AF8427 /* CodePopoverController.m in Sources */,
				091F64AE160E5D0200F9439A /* CodeViewController.m in Sources */,
				09006219160FEB3100360BFE /* DataManager.m in Sources */,
				09006229160FEE4700360BFE /* Algorithm.m in Sources */,
				09006234160FEE8400360BFE /* RelatedFiles.m in Sources */,
				09006235160FEE8400360BFE /* Category.m in Sources */,
			);
			runOnlyForDeploymentPostprocessing = 0;
		};
		0954342B1606D233001D3E5D /* Sources */ = {
			isa = PBXSourcesBuildPhase;
			buildActionMask = 2147483647;
			files = (
				095434401606D233001D3E5D /* AlgorithmsTests.m in Sources */,
			);
			runOnlyForDeploymentPostprocessing = 0;
		};
/* End PBXSourcesBuildPhase section */

/* Begin PBXTargetDependency section */
		095434371606D233001D3E5D /* PBXTargetDependency */ = {
			isa = PBXTargetDependency;
			target = 095434061606D232001D3E5D /* Algorithms */;
			targetProxy = 095434361606D233001D3E5D /* PBXContainerItemProxy */;
		};
/* End PBXTargetDependency section */

/* Begin PBXVariantGroup section */
		095434161606D232001D3E5D /* InfoPlist.strings */ = {
			isa = PBXVariantGroup;
			children = (
				095434171606D232001D3E5D /* en */,
			);
			name = InfoPlist.strings;
			sourceTree = "<group>";
		};
		0954341F1606D232001D3E5D /* MainStoryboard.storyboard */ = {
			isa = PBXVariantGroup;
			children = (
				095434201606D232001D3E5D /* en */,
			);
			name = MainStoryboard.storyboard;
			sourceTree = "<group>";
		};
		0954343B1606D233001D3E5D /* InfoPlist.strings */ = {
			isa = PBXVariantGroup;
			children = (
				0954343C1606D233001D3E5D /* en */,
			);
			name = InfoPlist.strings;
			sourceTree = "<group>";
		};
/* End PBXVariantGroup section */

/* Begin XCBuildConfiguration section */
		095434411606D233001D3E5D /* Debug */ = {
			isa = XCBuildConfiguration;
			buildSettings = {
				ALWAYS_SEARCH_USER_PATHS = NO;
				ARCHS = "$(ARCHS_STANDARD_32_BIT)";
				CLANG_CXX_LANGUAGE_STANDARD = "gnu++0x";
				CLANG_ENABLE_OBJC_ARC = YES;
				CLANG_WARN__DUPLICATE_METHOD_MATCH = YES;
				"CODE_SIGN_IDENTITY[sdk=iphoneos*]" = "iPhone Developer";
				COPY_PHASE_STRIP = NO;
				GCC_C_LANGUAGE_STANDARD = gnu99;
				GCC_DYNAMIC_NO_PIC = NO;
				GCC_OPTIMIZATION_LEVEL = 0;
				GCC_PREPROCESSOR_DEFINITIONS = (
					"DEBUG=1",
					"$(inherited)",
				);
				GCC_SYMBOLS_PRIVATE_EXTERN = NO;
				GCC_VERSION = com.apple.compilers.llvm.clang.1_0;
				GCC_WARN_ABOUT_RETURN_TYPE = YES;
				GCC_WARN_UNINITIALIZED_AUTOS = YES;
				GCC_WARN_UNUSED_VARIABLE = YES;
				IPHONEOS_DEPLOYMENT_TARGET = 5.1;
				SDKROOT = iphoneos;
				TARGETED_DEVICE_FAMILY = 2;
			};
			name = Debug;
		};
		095434421606D233001D3E5D /* Release */ = {
			isa = XCBuildConfiguration;
			buildSettings = {
				ALWAYS_SEARCH_USER_PATHS = NO;
				ARCHS = "$(ARCHS_STANDARD_32_BIT)";
				CLANG_CXX_LANGUAGE_STANDARD = "gnu++0x";
				CLANG_ENABLE_OBJC_ARC = YES;
				CLANG_WARN__DUPLICATE_METHOD_MATCH = YES;
				"CODE_SIGN_IDENTITY[sdk=iphoneos*]" = "iPhone Developer";
				COPY_PHASE_STRIP = YES;
				GCC_C_LANGUAGE_STANDARD = gnu99;
				GCC_VERSION = com.apple.compilers.llvm.clang.1_0;
				GCC_WARN_ABOUT_RETURN_TYPE = YES;
				GCC_WARN_UNINITIALIZED_AUTOS = YES;
				GCC_WARN_UNUSED_VARIABLE = YES;
				IPHONEOS_DEPLOYMENT_TARGET = 5.1;
				OTHER_CFLAGS = "-DNS_BLOCK_ASSERTIONS=1";
				SDKROOT = iphoneos;
				TARGETED_DEVICE_FAMILY = 2;
				VALIDATE_PRODUCT = YES;
			};
			name = Release;
		};
		095434441606D233001D3E5D /* Debug */ = {
			isa = XCBuildConfiguration;
			buildSettings = {
				GCC_PRECOMPILE_PREFIX_HEADER = YES;
				GCC_PREFIX_HEADER = "Algorithms/Algorithms-Prefix.pch";
				INFOPLIST_FILE = "Algorithms/Algorithms-Info.plist";
				PRODUCT_NAME = "$(TARGET_NAME)";
				WRAPPER_EXTENSION = app;
			};
			name = Debug;
		};
		095434451606D233001D3E5D /* Release */ = {
			isa = XCBuildConfiguration;
			buildSettings = {
				GCC_PRECOMPILE_PREFIX_HEADER = YES;
				GCC_PREFIX_HEADER = "Algorithms/Algorithms-Prefix.pch";
				INFOPLIST_FILE = "Algorithms/Algorithms-Info.plist";
				PRODUCT_NAME = "$(TARGET_NAME)";
				WRAPPER_EXTENSION = app;
			};
			name = Release;
		};
		095434471606D233001D3E5D /* Debug */ = {
			isa = XCBuildConfiguration;
			buildSettings = {
				BUNDLE_LOADER = "$(BUILT_PRODUCTS_DIR)/Algorithms.app/Algorithms";
				FRAMEWORK_SEARCH_PATHS = (
					"\"$(SDKROOT)/Developer/Library/Frameworks\"",
					"\"$(DEVELOPER_LIBRARY_DIR)/Frameworks\"",
				);
				GCC_PRECOMPILE_PREFIX_HEADER = YES;
				GCC_PREFIX_HEADER = "Algorithms/Algorithms-Prefix.pch";
				INFOPLIST_FILE = "AlgorithmsTests/AlgorithmsTests-Info.plist";
				PRODUCT_NAME = "$(TARGET_NAME)";
				TEST_HOST = "$(BUNDLE_LOADER)";
				WRAPPER_EXTENSION = octest;
			};
			name = Debug;
		};
		095434481606D233001D3E5D /* Release */ = {
			isa = XCBuildConfiguration;
			buildSettings = {
				BUNDLE_LOADER = "$(BUILT_PRODUCTS_DIR)/Algorithms.app/Algorithms";
				FRAMEWORK_SEARCH_PATHS = (
					"\"$(SDKROOT)/Developer/Library/Frameworks\"",
					"\"$(DEVELOPER_LIBRARY_DIR)/Frameworks\"",
				);
				GCC_PRECOMPILE_PREFIX_HEADER = YES;
				GCC_PREFIX_HEADER = "Algorithms/Algorithms-Prefix.pch";
				INFOPLIST_FILE = "AlgorithmsTests/AlgorithmsTests-Info.plist";
				PRODUCT_NAME = "$(TARGET_NAME)";
				TEST_HOST = "$(BUNDLE_LOADER)";
				WRAPPER_EXTENSION = octest;
			};
			name = Release;
		};
/* End XCBuildConfiguration section */

/* Begin XCConfigurationList section */
		095434011606D232001D3E5D /* Build configuration list for PBXProject "Algorithms" */ = {
			isa = XCConfigurationList;
			buildConfigurations = (
				095434411606D233001D3E5D /* Debug */,
				095434421606D233001D3E5D /* Release */,
			);
			defaultConfigurationIsVisible = 0;
			defaultConfigurationName = Release;
		};
		095434431606D233001D3E5D /* Build configuration list for PBXNativeTarget "Algorithms" */ = {
			isa = XCConfigurationList;
			buildConfigurations = (
				095434441606D233001D3E5D /* Debug */,
				095434451606D233001D3E5D /* Release */,
			);
			defaultConfigurationIsVisible = 0;
			defaultConfigurationName = Release;
		};
		095434461606D233001D3E5D /* Build configuration list for PBXNativeTarget "AlgorithmsTests" */ = {
			isa = XCConfigurationList;
			buildConfigurations = (
				095434471606D233001D3E5D /* Debug */,
				095434481606D233001D3E5D /* Release */,
			);
			defaultConfigurationIsVisible = 0;
			defaultConfigurationName = Release;
		};
/* End XCConfigurationList section */

/* Begin XCVersionGroup section */
		095434221606D232001D3E5D /* Algorithms.xcdatamodeld */ = {
			isa = XCVersionGroup;
			children = (
				095434231606D232001D3E5D /* Algorithms.xcdatamodel */,
			);
			currentVersion = 095434231606D232001D3E5D /* Algorithms.xcdatamodel */;
			path = Algorithms.xcdatamodeld;
			sourceTree = "<group>";
			versionGroupType = wrapper.xcdatamodel;
		};
/* End XCVersionGroup section */
	};
	rootObject = 095433FE1606D232001D3E5D /* Project object */;
}
