// !$*UTF8*$!
{
	archiveVersion = 1;
	classes = {
	};
	objectVersion = 46;
	objects = {

/* Begin PBXBuildFile section */
		09006219160FEB3100360BFE /* DataManager.m in Sources */ = {isa = PBXBuildFile; fileRef = 09006218160FEB3100360BFE /* DataManager.m */; };
		09006235160FEE8400360BFE /* Category.m in Sources */ = {isa = PBXBuildFile; fileRef = 09006233160FEE8400360BFE /* Category.m */; };
		09038F37161252C500D4E530 /* MergeSort.m in Sources */ = {isa = PBXBuildFile; fileRef = 09038F36161252C500D4E530 /* MergeSort.m */; };
		09038F3A1612554D00D4E530 /* MergeSortViewController.m in Sources */ = {isa = PBXBuildFile; fileRef = 09038F391612554D00D4E530 /* MergeSortViewController.m */; };
		09038F3B16125AEF00D4E530 /* DoublyLinkedList.h in CopyFiles */ = {isa = PBXBuildFile; fileRef = 09F1525D161221040088A374 /* DoublyLinkedList.h */; };
		09038F3C16125AF200D4E530 /* DoublyLinkedList.m in CopyFiles */ = {isa = PBXBuildFile; fileRef = 09F1525E161221040088A374 /* DoublyLinkedList.m */; };
		09038F3D16125AFD00D4E530 /* MergeSort.h in CopyFiles */ = {isa = PBXBuildFile; fileRef = 09038F35161252C500D4E530 /* MergeSort.h */; };
		09038F3E16125B0000D4E530 /* MergeSort.m in CopyFiles */ = {isa = PBXBuildFile; fileRef = 09038F36161252C500D4E530 /* MergeSort.m */; };
		09038F4116125B2200D4E530 /* DoublyLinkedListViewController.m in Sources */ = {isa = PBXBuildFile; fileRef = 09038F4016125B2100D4E530 /* DoublyLinkedListViewController.m */; };
		09038F4716125F2300D4E530 /* TreeNode.m in Sources */ = {isa = PBXBuildFile; fileRef = 09038F4616125F2300D4E530 /* TreeNode.m */; };
		09038F4A16125F7A00D4E530 /* Node.h in CopyFiles */ = {isa = PBXBuildFile; fileRef = 09038F4816125F7900D4E530 /* Node.h */; };
		09038F4B16125F7A00D4E530 /* Node.m in Sources */ = {isa = PBXBuildFile; fileRef = 09038F4916125F7900D4E530 /* Node.m */; };
		09038F4C16125F7A00D4E530 /* Node.m in CopyFiles */ = {isa = PBXBuildFile; fileRef = 09038F4916125F7900D4E530 /* Node.m */; };
		09038F501612615300D4E530 /* RelatedFile.m in Sources */ = {isa = PBXBuildFile; fileRef = 09038F4F1612615300D4E530 /* RelatedFile.m */; };
		091F64AE160E5D0200F9439A /* CodeViewController.m in Sources */ = {isa = PBXBuildFile; fileRef = 091F64AD160E5D0200F9439A /* CodeViewController.m */; };
		092F4D6E16122CFE003F4850 /* BubbleSort.m in CopyFiles */ = {isa = PBXBuildFile; fileRef = 0937E32C161210B00044040F /* BubbleSort.m */; };
		092F4D7016122D01003F4850 /* BubbleSort.h in CopyFiles */ = {isa = PBXBuildFile; fileRef = 0937E32B161210B00044040F /* BubbleSort.h */; };
		0937E3281612106C0044040F /* BubbleSortViewController.m in Sources */ = {isa = PBXBuildFile; fileRef = 0937E3271612106C0044040F /* BubbleSortViewController.m */; };
		0937E32D161210B00044040F /* BubbleSort.m in Sources */ = {isa = PBXBuildFile; fileRef = 0937E32C161210B00044040F /* BubbleSort.m */; };
		09427AC216307A77003534CA /* Icon-144.png in Resources */ = {isa = PBXBuildFile; fileRef = 09427AC116307A77003534CA /* Icon-144.png */; };
		09427AC516307A9E003534CA /* Icon-72.png in Resources */ = {isa = PBXBuildFile; fileRef = 09427AC416307A9E003534CA /* Icon-72.png */; };
		09427AC716307AC2003534CA /* Default-Landscape@2x~ipad.png in Resources */ = {isa = PBXBuildFile; fileRef = 09427AC616307AC2003534CA /* Default-Landscape@2x~ipad.png */; };
		09427ACD16307DBC003534CA /* Default-Landscape~ipad.png in Resources */ = {isa = PBXBuildFile; fileRef = 09427ACC16307DBC003534CA /* Default-Landscape~ipad.png */; };
		09427AD4163088D8003534CA /* RedBlackNode.h in CopyFiles */ = {isa = PBXBuildFile; fileRef = 09ADEE9B161CDC7F00BD0CAE /* RedBlackNode.h */; };
		09427AD5163088D8003534CA /* RedBlackNode.m in CopyFiles */ = {isa = PBXBuildFile; fileRef = 09ADEE9C161CDC7F00BD0CAE /* RedBlackNode.m */; };
		09427AD6163088D8003534CA /* RedBlackTree.h in CopyFiles */ = {isa = PBXBuildFile; fileRef = 09ADEE98161CDC0400BD0CAE /* RedBlackTree.h */; };
		09427AD7163088D8003534CA /* RedBlackTree.m in CopyFiles */ = {isa = PBXBuildFile; fileRef = 09ADEE99161CDC0400BD0CAE /* RedBlackTree.m */; };
		09427AD816308A7F003534CA /* TreeNode.h in CopyFiles */ = {isa = PBXBuildFile; fileRef = 09038F4516125F2200D4E530 /* TreeNode.h */; };
		09427AD916308A7F003534CA /* TreeNode.m in CopyFiles */ = {isa = PBXBuildFile; fileRef = 09038F4616125F2300D4E530 /* TreeNode.m */; };
		09427ADA1630B8FB003534CA /* TrieNode.h in CopyFiles */ = {isa = PBXBuildFile; fileRef = 09BAD6731620BE3200ACCFF8 /* TrieNode.h */; };
		09427ADB1630B8FB003534CA /* TrieNode.m in CopyFiles */ = {isa = PBXBuildFile; fileRef = 09BAD6741620BE3200ACCFF8 /* TrieNode.m */; };
		09427ADC1630B8FB003534CA /* Trie.h in CopyFiles */ = {isa = PBXBuildFile; fileRef = 09BAD6701620BCB800ACCFF8 /* Trie.h */; };
		09427ADD1630B8FB003534CA /* Trie.m in CopyFiles */ = {isa = PBXBuildFile; fileRef = 09BAD6711620BCB800ACCFF8 /* Trie.m */; };
		09427AE31630C336003534CA /* MessageUI.framework in Frameworks */ = {isa = PBXBuildFile; fileRef = 09427AE21630C336003534CA /* MessageUI.framework */; };
		094927041618CBEE00012500 /* HeapView.m in Sources */ = {isa = PBXBuildFile; fileRef = 094927031618CBEE00012500 /* HeapView.m */; };
		094B746A160A6EF000C47C3E /* arrow_right.png in Resources */ = {isa = PBXBuildFile; fileRef = 094B7469160A6EF000C47C3E /* arrow_right.png */; };
		094B746D160A6F3200C47C3E /* ArrowView.m in Sources */ = {isa = PBXBuildFile; fileRef = 094B746C160A6F3200C47C3E /* ArrowView.m */; };
		0954340C1606D232001D3E5D /* UIKit.framework in Frameworks */ = {isa = PBXBuildFile; fileRef = 0954340B1606D232001D3E5D /* UIKit.framework */; };
		0954340E1606D232001D3E5D /* Foundation.framework in Frameworks */ = {isa = PBXBuildFile; fileRef = 0954340D1606D232001D3E5D /* Foundation.framework */; };
		095434101606D232001D3E5D /* CoreGraphics.framework in Frameworks */ = {isa = PBXBuildFile; fileRef = 0954340F1606D232001D3E5D /* CoreGraphics.framework */; };
		095434121606D232001D3E5D /* CoreData.framework in Frameworks */ = {isa = PBXBuildFile; fileRef = 095434111606D232001D3E5D /* CoreData.framework */; };
		095434181606D232001D3E5D /* InfoPlist.strings in Resources */ = {isa = PBXBuildFile; fileRef = 095434161606D232001D3E5D /* InfoPlist.strings */; };
		0954341A1606D232001D3E5D /* main.m in Sources */ = {isa = PBXBuildFile; fileRef = 095434191606D232001D3E5D /* main.m */; };
		0954341E1606D232001D3E5D /* AppDelegate.m in Sources */ = {isa = PBXBuildFile; fileRef = 0954341D1606D232001D3E5D /* AppDelegate.m */; };
		095434211606D232001D3E5D /* MainStoryboard.storyboard in Resources */ = {isa = PBXBuildFile; fileRef = 0954341F1606D232001D3E5D /* MainStoryboard.storyboard */; };
		095434241606D232001D3E5D /* Algorithms.xcdatamodeld in Sources */ = {isa = PBXBuildFile; fileRef = 095434221606D232001D3E5D /* Algorithms.xcdatamodeld */; };
		095434271606D232001D3E5D /* MasterViewController.m in Sources */ = {isa = PBXBuildFile; fileRef = 095434261606D232001D3E5D /* MasterViewController.m */; };
		095434321606D233001D3E5D /* SenTestingKit.framework in Frameworks */ = {isa = PBXBuildFile; fileRef = 095434311606D233001D3E5D /* SenTestingKit.framework */; };
		095434331606D233001D3E5D /* UIKit.framework in Frameworks */ = {isa = PBXBuildFile; fileRef = 0954340B1606D232001D3E5D /* UIKit.framework */; };
		095434341606D233001D3E5D /* Foundation.framework in Frameworks */ = {isa = PBXBuildFile; fileRef = 0954340D1606D232001D3E5D /* Foundation.framework */; };
		095434351606D233001D3E5D /* CoreData.framework in Frameworks */ = {isa = PBXBuildFile; fileRef = 095434111606D232001D3E5D /* CoreData.framework */; };
		0954343D1606D233001D3E5D /* InfoPlist.strings in Resources */ = {isa = PBXBuildFile; fileRef = 0954343B1606D233001D3E5D /* InfoPlist.strings */; };
		095434401606D233001D3E5D /* AlgorithmsTests.m in Sources */ = {isa = PBXBuildFile; fileRef = 0954343F1606D233001D3E5D /* AlgorithmsTests.m */; };
		0954344C1606D5F3001D3E5D /* LinkedListViewController.m in Sources */ = {isa = PBXBuildFile; fileRef = 0954344B1606D5F3001D3E5D /* LinkedListViewController.m */; };
		0954344F1606D875001D3E5D /* LinkedList.m in Sources */ = {isa = PBXBuildFile; fileRef = 0954344E1606D875001D3E5D /* LinkedList.m */; };
		095434521606D895001D3E5D /* ListNode.m in Sources */ = {isa = PBXBuildFile; fileRef = 095434511606D895001D3E5D /* ListNode.m */; };
		09584E10160E4FC200AF8427 /* LinkedList.m in CopyFiles */ = {isa = PBXBuildFile; fileRef = 0954344E1606D875001D3E5D /* LinkedList.m */; };
		09584E11160E4FC900AF8427 /* LinkedList.h in CopyFiles */ = {isa = PBXBuildFile; fileRef = 0954344D1606D875001D3E5D /* LinkedList.h */; };
		09584E12160E4FD000AF8427 /* ListNode.h in CopyFiles */ = {isa = PBXBuildFile; fileRef = 095434501606D895001D3E5D /* ListNode.h */; };
		09584E13160E4FD200AF8427 /* ListNode.m in CopyFiles */ = {isa = PBXBuildFile; fileRef = 095434511606D895001D3E5D /* ListNode.m */; };
		09584E16160E55B000AF8427 /* CodePopoverController.m in Sources */ = {isa = PBXBuildFile; fileRef = 09584E15160E55B000AF8427 /* CodePopoverController.m */; };
		09617168162FBD9700B20431 /* AVLNode.h in CopyFiles */ = {isa = PBXBuildFile; fileRef = 09B81843161D279F004B026C /* AVLNode.h */; };
		09617169162FBD9700B20431 /* AVLNode.m in CopyFiles */ = {isa = PBXBuildFile; fileRef = 09B81844161D279F004B026C /* AVLNode.m */; };
		0961716A162FBD9700B20431 /* AVLTree.h in CopyFiles */ = {isa = PBXBuildFile; fileRef = 09B81840161D25E2004B026C /* AVLTree.h */; };
		0961716B162FBD9700B20431 /* AVLTree.m in CopyFiles */ = {isa = PBXBuildFile; fileRef = 09B81841161D25E2004B026C /* AVLTree.m */; };
		0961716F162FBF4B00B20431 /* Algorithm.m in Sources */ = {isa = PBXBuildFile; fileRef = 0961716E162FBF4B00B20431 /* Algorithm.m */; };
		09617173162FC1BA00B20431 /* WikiViewController.m in Sources */ = {isa = PBXBuildFile; fileRef = 09617172162FC1BA00B20431 /* WikiViewController.m */; };
		096912C9160A6BE600E5AFB7 /* QuartzCore.framework in Frameworks */ = {isa = PBXBuildFile; fileRef = 096912C8160A6BE600E5AFB7 /* QuartzCore.framework */; };
		096D6C41163639E4005CF7C2 /* Welcome.png in Resources */ = {isa = PBXBuildFile; fileRef = 096D6C3F163639E4005CF7C2 /* Welcome.png */; };
		096D6C42163639E4005CF7C2 /* Welcome@2x.png in Resources */ = {isa = PBXBuildFile; fileRef = 096D6C40163639E4005CF7C2 /* Welcome@2x.png */; };
		096D6C4516363A71005CF7C2 /* background.png in Resources */ = {isa = PBXBuildFile; fileRef = 096D6C4316363A71005CF7C2 /* background.png */; };
		096D6C4616363A71005CF7C2 /* background@2x.png in Resources */ = {isa = PBXBuildFile; fileRef = 096D6C4416363A71005CF7C2 /* background@2x.png */; };
		09745B39162A6FD90031F65D /* SettingsViewController.m in Sources */ = {isa = PBXBuildFile; fileRef = 09745B38162A6FD90031F65D /* SettingsViewController.m */; };
		099EC975160FDC3C00FD136A /* Objects.json in Resources */ = {isa = PBXBuildFile; fileRef = 099EC974160FDC3C00FD136A /* Objects.json */; };
		09ADEE97161CDBF300BD0CAE /* RedBlackTreeViewController.m in Sources */ = {isa = PBXBuildFile; fileRef = 09ADEE96161CDBF300BD0CAE /* RedBlackTreeViewController.m */; };
		09ADEE9A161CDC0400BD0CAE /* RedBlackTree.m in Sources */ = {isa = PBXBuildFile; fileRef = 09ADEE99161CDC0400BD0CAE /* RedBlackTree.m */; };
		09ADEE9D161CDC7F00BD0CAE /* RedBlackNode.m in Sources */ = {isa = PBXBuildFile; fileRef = 09ADEE9C161CDC7F00BD0CAE /* RedBlackNode.m */; };
		09ADEEA0161CE51C00BD0CAE /* RedBlackView.m in Sources */ = {isa = PBXBuildFile; fileRef = 09ADEE9F161CE51C00BD0CAE /* RedBlackView.m */; };
		09ADEEA3161CE53500BD0CAE /* TreeView.m in Sources */ = {isa = PBXBuildFile; fileRef = 09ADEEA2161CE53500BD0CAE /* TreeView.m */; };
		09ADEEA6161CE9A200BD0CAE /* TreeViewController.m in Sources */ = {isa = PBXBuildFile; fileRef = 09ADEEA5161CE9A200BD0CAE /* TreeViewController.m */; };
		09B33FA316128C58000FF89F /* BinarySearchTree.m in Sources */ = {isa = PBXBuildFile; fileRef = 09B33FA216128C58000FF89F /* BinarySearchTree.m */; };
		09B33FA61612937F000FF89F /* BSTViewController.m in Sources */ = {isa = PBXBuildFile; fileRef = 09B33FA51612937F000FF89F /* BSTViewController.m */; };
		09B33FA7161296CE000FF89F /* BinarySearchTree.h in CopyFiles */ = {isa = PBXBuildFile; fileRef = 09B33FA116128C58000FF89F /* BinarySearchTree.h */; };
		09B33FA8161296D1000FF89F /* BinarySearchTree.m in CopyFiles */ = {isa = PBXBuildFile; fileRef = 09B33FA216128C58000FF89F /* BinarySearchTree.m */; };
		09B4CDFF16291AEB00145317 /* MergeSortSub.m in Sources */ = {isa = PBXBuildFile; fileRef = 09B4CDFE16291AEB00145317 /* MergeSortSub.m */; };
		09B4CE02162936BB00145317 /* words.txt in Resources */ = {isa = PBXBuildFile; fileRef = 09B4CE01162936BB00145317 /* words.txt */; };
		09B4CE091629EFA000145317 /* SuggestionViewController.m in Sources */ = {isa = PBXBuildFile; fileRef = 09B4CE081629EF9F00145317 /* SuggestionViewController.m */; };
		09B8183F161D25CF004B026C /* AVLTreeController.m in Sources */ = {isa = PBXBuildFile; fileRef = 09B8183E161D25CF004B026C /* AVLTreeController.m */; };
		09B81842161D25E2004B026C /* AVLTree.m in Sources */ = {isa = PBXBuildFile; fileRef = 09B81841161D25E2004B026C /* AVLTree.m */; };
		09B81845161D279F004B026C /* AVLNode.m in Sources */ = {isa = PBXBuildFile; fileRef = 09B81844161D279F004B026C /* AVLNode.m */; };
		09BAD66F1620BCA200ACCFF8 /* TrieViewController.m in Sources */ = {isa = PBXBuildFile; fileRef = 09BAD66E1620BCA200ACCFF8 /* TrieViewController.m */; };
		09BAD6721620BCB800ACCFF8 /* Trie.m in Sources */ = {isa = PBXBuildFile; fileRef = 09BAD6711620BCB800ACCFF8 /* Trie.m */; };
		09BAD6751620BE3200ACCFF8 /* TrieNode.m in Sources */ = {isa = PBXBuildFile; fileRef = 09BAD6741620BE3200ACCFF8 /* TrieNode.m */; };
		09BAD6781620C60F00ACCFF8 /* TrieView.m in Sources */ = {isa = PBXBuildFile; fileRef = 09BAD6771620C60F00ACCFF8 /* TrieView.m */; };
		09BAD67E1620D76100ACCFF8 /* BubbleSortSub.m in Sources */ = {isa = PBXBuildFile; fileRef = 09BAD67D1620D76100ACCFF8 /* BubbleSortSub.m */; };
		09C0709E161157FF001F4C12 /* Stack.h in CopyFiles */ = {isa = PBXBuildFile; fileRef = 09E9573B1609501800F5D573 /* Stack.h */; };
		09C0709F16115802001F4C12 /* Stack.m in CopyFiles */ = {isa = PBXBuildFile; fileRef = 09E9573C1609501800F5D573 /* Stack.m */; };
		09C070A516115BDD001F4C12 /* NodeView.m in Sources */ = {isa = PBXBuildFile; fileRef = 09C070A416115BDD001F4C12 /* NodeView.m */; };
		09C8ED711618D66A0076E2D0 /* Heap.h in CopyFiles */ = {isa = PBXBuildFile; fileRef = 09FA27461617D34D00738463 /* Heap.h */; };
		09C8ED731618D66D0076E2D0 /* Heap.m in CopyFiles */ = {isa = PBXBuildFile; fileRef = 09FA27471617D34D00738463 /* Heap.m */; };
		09C8ED741618D6750076E2D0 /* ArrayHeap.h in CopyFiles */ = {isa = PBXBuildFile; fileRef = 09FA274C1617D4BE00738463 /* ArrayHeap.h */; };
		09C8ED751618D6780076E2D0 /* ArrayHeap.m in CopyFiles */ = {isa = PBXBuildFile; fileRef = 09FA274D1617D4BE00738463 /* ArrayHeap.m */; };
		09C8ED761618D67D0076E2D0 /* HeapNode.h in CopyFiles */ = {isa = PBXBuildFile; fileRef = 09FA274F1617DE1700738463 /* HeapNode.h */; };
		09C8ED771618D67F0076E2D0 /* HeapNode.m in CopyFiles */ = {isa = PBXBuildFile; fileRef = 09FA27501617DE1700738463 /* HeapNode.m */; };
		09D65B751631B967001EF3C2 /* GraphViewController.m in Sources */ = {isa = PBXBuildFile; fileRef = 09D65B741631B967001EF3C2 /* GraphViewController.m */; };
		09D65B781631B9A3001EF3C2 /* GraphNode.m in Sources */ = {isa = PBXBuildFile; fileRef = 09D65B771631B9A3001EF3C2 /* GraphNode.m */; };
		09D65B7B1631BA0C001EF3C2 /* GraphEdge.m in Sources */ = {isa = PBXBuildFile; fileRef = 09D65B7A1631BA0C001EF3C2 /* GraphEdge.m */; };
		09D65B7E1631BA39001EF3C2 /* EdgeWeight.m in Sources */ = {isa = PBXBuildFile; fileRef = 09D65B7D1631BA39001EF3C2 /* EdgeWeight.m */; };
		09E9573A1609500500F5D573 /* StackViewController.m in Sources */ = {isa = PBXBuildFile; fileRef = 09E957391609500500F5D573 /* StackViewController.m */; };
		09E9573D1609501800F5D573 /* Stack.m in Sources */ = {isa = PBXBuildFile; fileRef = 09E9573C1609501800F5D573 /* Stack.m */; };
		09F0D3F4160CEB9600CF657E /* arrow_right_filled.png in Resources */ = {isa = PBXBuildFile; fileRef = 09F0D3F0160CEB9600CF657E /* arrow_right_filled.png */; };
		09F0D3F5160CEB9600CF657E /* arrow_right_filled@2x.png in Resources */ = {isa = PBXBuildFile; fileRef = 09F0D3F1160CEB9600CF657E /* arrow_right_filled@2x.png */; };
		09F0D3F7160CEB9600CF657E /* arrow_right@2x.png in Resources */ = {isa = PBXBuildFile; fileRef = 09F0D3F3160CEB9600CF657E /* arrow_right@2x.png */; };
		09F0D403160CF04A00CF657E /* DataViewController.m in Sources */ = {isa = PBXBuildFile; fileRef = 09F0D402160CF04A00CF657E /* DataViewController.m */; };
		09F1525F161221040088A374 /* DoublyLinkedList.m in Sources */ = {isa = PBXBuildFile; fileRef = 09F1525E161221040088A374 /* DoublyLinkedList.m */; };
		09F929F8160EB68900FC497A /* prettify.js in CopyFiles */ = {isa = PBXBuildFile; fileRef = 09F929DD160EB4F400FC497A /* prettify.js */; };
		09F929F9160EB68C00FC497A /* prettify.css in CopyFiles */ = {isa = PBXBuildFile; fileRef = 09F929DC160EB4F400FC497A /* prettify.css */; };
		09F92A00160EC0EF00FC497A /* desert.css in CopyFiles */ = {isa = PBXBuildFile; fileRef = 09F929FE160EC0B700FC497A /* desert.css */; };
		09F92A01160EC0F100FC497A /* sunburst.css in CopyFiles */ = {isa = PBXBuildFile; fileRef = 09F929FC160EC06B00FC497A /* sunburst.css */; };
		09F92A02160EC0F300FC497A /* sons-of-obsidian.css in CopyFiles */ = {isa = PBXBuildFile; fileRef = 09F929FA160EC04700FC497A /* sons-of-obsidian.css */; };
		09FA27481617D34D00738463 /* Heap.m in Sources */ = {isa = PBXBuildFile; fileRef = 09FA27471617D34D00738463 /* Heap.m */; };
		09FA274B1617D36400738463 /* HeapViewController.m in Sources */ = {isa = PBXBuildFile; fileRef = 09FA274A1617D36400738463 /* HeapViewController.m */; };
		09FA274E1617D4BE00738463 /* ArrayHeap.m in Sources */ = {isa = PBXBuildFile; fileRef = 09FA274D1617D4BE00738463 /* ArrayHeap.m */; };
		09FA27511617DE1700738463 /* HeapNode.m in Sources */ = {isa = PBXBuildFile; fileRef = 09FA27501617DE1700738463 /* HeapNode.m */; };
/* End PBXBuildFile section */

/* Begin PBXContainerItemProxy section */
		095434361606D233001D3E5D /* PBXContainerItemProxy */ = {
			isa = PBXContainerItemProxy;
			containerPortal = 095433FE1606D232001D3E5D /* Project object */;
			proxyType = 1;
			remoteGlobalIDString = 095434061606D232001D3E5D;
			remoteInfo = Algorithms;
		};
/* End PBXContainerItemProxy section */

/* Begin PBXCopyFilesBuildPhase section */
		09584E0E160E4FA300AF8427 /* CopyFiles */ = {
			isa = PBXCopyFilesBuildPhase;
			buildActionMask = 2147483647;
			dstPath = code;
			dstSubfolderSpec = 7;
			files = (
				09427ADA1630B8FB003534CA /* TrieNode.h in CopyFiles */,
				09427ADB1630B8FB003534CA /* TrieNode.m in CopyFiles */,
				09427ADC1630B8FB003534CA /* Trie.h in CopyFiles */,
				09427ADD1630B8FB003534CA /* Trie.m in CopyFiles */,
				09427AD816308A7F003534CA /* TreeNode.h in CopyFiles */,
				09427AD916308A7F003534CA /* TreeNode.m in CopyFiles */,
				09427AD4163088D8003534CA /* RedBlackNode.h in CopyFiles */,
				09427AD5163088D8003534CA /* RedBlackNode.m in CopyFiles */,
				09427AD6163088D8003534CA /* RedBlackTree.h in CopyFiles */,
				09427AD7163088D8003534CA /* RedBlackTree.m in CopyFiles */,
				09617168162FBD9700B20431 /* AVLNode.h in CopyFiles */,
				09617169162FBD9700B20431 /* AVLNode.m in CopyFiles */,
				0961716A162FBD9700B20431 /* AVLTree.h in CopyFiles */,
				0961716B162FBD9700B20431 /* AVLTree.m in CopyFiles */,
				09C8ED711618D66A0076E2D0 /* Heap.h in CopyFiles */,
				09C8ED731618D66D0076E2D0 /* Heap.m in CopyFiles */,
				09C8ED741618D6750076E2D0 /* ArrayHeap.h in CopyFiles */,
				09C8ED751618D6780076E2D0 /* ArrayHeap.m in CopyFiles */,
				09C8ED761618D67D0076E2D0 /* HeapNode.h in CopyFiles */,
				09C8ED771618D67F0076E2D0 /* HeapNode.m in CopyFiles */,
				09C0709E161157FF001F4C12 /* Stack.h in CopyFiles */,
				09584E10160E4FC200AF8427 /* LinkedList.m in CopyFiles */,
				09584E11160E4FC900AF8427 /* LinkedList.h in CopyFiles */,
				09C0709F16115802001F4C12 /* Stack.m in CopyFiles */,
				09584E13160E4FD200AF8427 /* ListNode.m in CopyFiles */,
				092F4D7016122D01003F4850 /* BubbleSort.h in CopyFiles */,
				092F4D6E16122CFE003F4850 /* BubbleSort.m in CopyFiles */,
				09584E12160E4FD000AF8427 /* ListNode.h in CopyFiles */,
				09038F3B16125AEF00D4E530 /* DoublyLinkedList.h in CopyFiles */,
				09038F3C16125AF200D4E530 /* DoublyLinkedList.m in CopyFiles */,
				09038F3D16125AFD00D4E530 /* MergeSort.h in CopyFiles */,
				09038F3E16125B0000D4E530 /* MergeSort.m in CopyFiles */,
				09038F4A16125F7A00D4E530 /* Node.h in CopyFiles */,
				09038F4C16125F7A00D4E530 /* Node.m in CopyFiles */,
				09B33FA7161296CE000FF89F /* BinarySearchTree.h in CopyFiles */,
				09B33FA8161296D1000FF89F /* BinarySearchTree.m in CopyFiles */,
			);
			runOnlyForDeploymentPostprocessing = 0;
		};
		09F929F3160EB65500FC497A /* CopyFiles */ = {
			isa = PBXCopyFilesBuildPhase;
			buildActionMask = 2147483647;
			dstPath = js;
			dstSubfolderSpec = 7;
			files = (
				09F929F8160EB68900FC497A /* prettify.js in CopyFiles */,
				09F929F9160EB68C00FC497A /* prettify.css in CopyFiles */,
				09F92A01160EC0F100FC497A /* sunburst.css in CopyFiles */,
				09F92A02160EC0F300FC497A /* sons-of-obsidian.css in CopyFiles */,
				09F92A00160EC0EF00FC497A /* desert.css in CopyFiles */,
			);
			runOnlyForDeploymentPostprocessing = 0;
		};
/* End PBXCopyFilesBuildPhase section */

/* Begin PBXFileReference section */
		09006217160FEB3100360BFE /* DataManager.h */ = {isa = PBXFileReference; fileEncoding = 4; lastKnownFileType = sourcecode.c.h; path = DataManager.h; sourceTree = "<group>"; };
		09006218160FEB3100360BFE /* DataManager.m */ = {isa = PBXFileReference; fileEncoding = 4; lastKnownFileType = sourcecode.c.objc; path = DataManager.m; sourceTree = "<group>"; };
		09006232160FEE8400360BFE /* Category.h */ = {isa = PBXFileReference; fileEncoding = 4; lastKnownFileType = sourcecode.c.h; path = Category.h; sourceTree = "<group>"; };
		09006233160FEE8400360BFE /* Category.m */ = {isa = PBXFileReference; fileEncoding = 4; lastKnownFileType = sourcecode.c.objc; path = Category.m; sourceTree = "<group>"; };
		09038F35161252C500D4E530 /* MergeSort.h */ = {isa = PBXFileReference; fileEncoding = 4; lastKnownFileType = sourcecode.c.h; path = MergeSort.h; sourceTree = "<group>"; };
		09038F36161252C500D4E530 /* MergeSort.m */ = {isa = PBXFileReference; fileEncoding = 4; lastKnownFileType = sourcecode.c.objc; path = MergeSort.m; sourceTree = "<group>"; };
		09038F381612554D00D4E530 /* MergeSortViewController.h */ = {isa = PBXFileReference; fileEncoding = 4; lastKnownFileType = sourcecode.c.h; path = MergeSortViewController.h; sourceTree = "<group>"; };
		09038F391612554D00D4E530 /* MergeSortViewController.m */ = {isa = PBXFileReference; fileEncoding = 4; lastKnownFileType = sourcecode.c.objc; path = MergeSortViewController.m; sourceTree = "<group>"; };
		09038F3F16125B2100D4E530 /* DoublyLinkedListViewController.h */ = {isa = PBXFileReference; fileEncoding = 4; lastKnownFileType = sourcecode.c.h; path = DoublyLinkedListViewController.h; sourceTree = "<group>"; };
		09038F4016125B2100D4E530 /* DoublyLinkedListViewController.m */ = {isa = PBXFileReference; fileEncoding = 4; lastKnownFileType = sourcecode.c.objc; path = DoublyLinkedListViewController.m; sourceTree = "<group>"; };
		09038F4516125F2200D4E530 /* TreeNode.h */ = {isa = PBXFileReference; fileEncoding = 4; lastKnownFileType = sourcecode.c.h; path = TreeNode.h; sourceTree = "<group>"; };
		09038F4616125F2300D4E530 /* TreeNode.m */ = {isa = PBXFileReference; fileEncoding = 4; lastKnownFileType = sourcecode.c.objc; path = TreeNode.m; sourceTree = "<group>"; };
		09038F4816125F7900D4E530 /* Node.h */ = {isa = PBXFileReference; fileEncoding = 4; indentWidth = 4; lastKnownFileType = sourcecode.c.h; path = Node.h; sourceTree = "<group>"; tabWidth = 4; usesTabs = 0; wrapsLines = 1; };
		09038F4916125F7900D4E530 /* Node.m */ = {isa = PBXFileReference; fileEncoding = 4; indentWidth = 4; lastKnownFileType = sourcecode.c.objc; path = Node.m; sourceTree = "<group>"; tabWidth = 4; usesTabs = 0; wrapsLines = 1; };
		09038F4E1612615300D4E530 /* RelatedFile.h */ = {isa = PBXFileReference; fileEncoding = 4; lastKnownFileType = sourcecode.c.h; path = RelatedFile.h; sourceTree = "<group>"; };
		09038F4F1612615300D4E530 /* RelatedFile.m */ = {isa = PBXFileReference; fileEncoding = 4; lastKnownFileType = sourcecode.c.objc; path = RelatedFile.m; sourceTree = "<group>"; };
		091F64AC160E5D0200F9439A /* CodeViewController.h */ = {isa = PBXFileReference; fileEncoding = 4; lastKnownFileType = sourcecode.c.h; path = CodeViewController.h; sourceTree = "<group>"; };
		091F64AD160E5D0200F9439A /* CodeViewController.m */ = {isa = PBXFileReference; fileEncoding = 4; lastKnownFileType = sourcecode.c.objc; path = CodeViewController.m; sourceTree = "<group>"; };
		0937E3261612106B0044040F /* BubbleSortViewController.h */ = {isa = PBXFileReference; fileEncoding = 4; lastKnownFileType = sourcecode.c.h; path = BubbleSortViewController.h; sourceTree = "<group>"; };
		0937E3271612106C0044040F /* BubbleSortViewController.m */ = {isa = PBXFileReference; fileEncoding = 4; lastKnownFileType = sourcecode.c.objc; path = BubbleSortViewController.m; sourceTree = "<group>"; };
		0937E32B161210B00044040F /* BubbleSort.h */ = {isa = PBXFileReference; fileEncoding = 4; lastKnownFileType = sourcecode.c.h; path = BubbleSort.h; sourceTree = "<group>"; };
		0937E32C161210B00044040F /* BubbleSort.m */ = {isa = PBXFileReference; fileEncoding = 4; lastKnownFileType = sourcecode.c.objc; path = BubbleSort.m; sourceTree = "<group>"; };
		09427AC116307A77003534CA /* Icon-144.png */ = {isa = PBXFileReference; lastKnownFileType = image.png; name = "Icon-144.png"; path = "../Icon-144.png"; sourceTree = "<group>"; };
		09427AC416307A9E003534CA /* Icon-72.png */ = {isa = PBXFileReference; lastKnownFileType = image.png; name = "Icon-72.png"; path = "../Icon-72.png"; sourceTree = "<group>"; };
		09427AC616307AC2003534CA /* Default-Landscape@2x~ipad.png */ = {isa = PBXFileReference; lastKnownFileType = image.png; name = "Default-Landscape@2x~ipad.png"; path = "../Default-Landscape@2x~ipad.png"; sourceTree = "<group>"; };
		09427AC816307DA7003534CA /* Default-Portrait@2x~ipad.png */ = {isa = PBXFileReference; lastKnownFileType = image.png; name = "Default-Portrait@2x~ipad.png"; path = "../Default-Portrait@2x~ipad.png"; sourceTree = "<group>"; };
		09427ACA16307DAE003534CA /* Default-Portrait~ipad.png */ = {isa = PBXFileReference; lastKnownFileType = image.png; name = "Default-Portrait~ipad.png"; path = "../Default-Portrait~ipad.png"; sourceTree = "<group>"; };
		09427ACC16307DBC003534CA /* Default-Landscape~ipad.png */ = {isa = PBXFileReference; lastKnownFileType = image.png; name = "Default-Landscape~ipad.png"; path = "../Default-Landscape~ipad.png"; sourceTree = "<group>"; };
		09427ACE163081C3003534CA /* Algorithms.entitlements */ = {isa = PBXFileReference; lastKnownFileType = text.xml; path = Algorithms.entitlements; sourceTree = "<group>"; };
		09427AE21630C336003534CA /* MessageUI.framework */ = {isa = PBXFileReference; lastKnownFileType = wrapper.framework; name = MessageUI.framework; path = System/Library/Frameworks/MessageUI.framework; sourceTree = SDKROOT; };
		094927021618CBEE00012500 /* HeapView.h */ = {isa = PBXFileReference; fileEncoding = 4; lastKnownFileType = sourcecode.c.h; path = HeapView.h; sourceTree = "<group>"; };
		094927031618CBEE00012500 /* HeapView.m */ = {isa = PBXFileReference; fileEncoding = 4; lastKnownFileType = sourcecode.c.objc; path = HeapView.m; sourceTree = "<group>"; };
		094B7469160A6EF000C47C3E /* arrow_right.png */ = {isa = PBXFileReference; lastKnownFileType = image.png; path = arrow_right.png; sourceTree = "<group>"; };
		094B746B160A6F3200C47C3E /* ArrowView.h */ = {isa = PBXFileReference; fileEncoding = 4; lastKnownFileType = sourcecode.c.h; path = ArrowView.h; sourceTree = "<group>"; };
		094B746C160A6F3200C47C3E /* ArrowView.m */ = {isa = PBXFileReference; fileEncoding = 4; lastKnownFileType = sourcecode.c.objc; path = ArrowView.m; sourceTree = "<group>"; };
		095434071606D232001D3E5D /* Algorithms.app */ = {isa = PBXFileReference; explicitFileType = wrapper.application; includeInIndex = 0; path = Algorithms.app; sourceTree = BUILT_PRODUCTS_DIR; };
		0954340B1606D232001D3E5D /* UIKit.framework */ = {isa = PBXFileReference; lastKnownFileType = wrapper.framework; name = UIKit.framework; path = System/Library/Frameworks/UIKit.framework; sourceTree = SDKROOT; };
		0954340D1606D232001D3E5D /* Foundation.framework */ = {isa = PBXFileReference; lastKnownFileType = wrapper.framework; name = Foundation.framework; path = System/Library/Frameworks/Foundation.framework; sourceTree = SDKROOT; };
		0954340F1606D232001D3E5D /* CoreGraphics.framework */ = {isa = PBXFileReference; lastKnownFileType = wrapper.framework; name = CoreGraphics.framework; path = System/Library/Frameworks/CoreGraphics.framework; sourceTree = SDKROOT; };
		095434111606D232001D3E5D /* CoreData.framework */ = {isa = PBXFileReference; lastKnownFileType = wrapper.framework; name = CoreData.framework; path = System/Library/Frameworks/CoreData.framework; sourceTree = SDKROOT; };
		095434151606D232001D3E5D /* Algorithms-Info.plist */ = {isa = PBXFileReference; lastKnownFileType = text.plist.xml; path = "Algorithms-Info.plist"; sourceTree = "<group>"; };
		095434171606D232001D3E5D /* en */ = {isa = PBXFileReference; lastKnownFileType = text.plist.strings; name = en; path = en.lproj/InfoPlist.strings; sourceTree = "<group>"; };
		095434191606D232001D3E5D /* main.m */ = {isa = PBXFileReference; lastKnownFileType = sourcecode.c.objc; path = main.m; sourceTree = "<group>"; };
		0954341B1606D232001D3E5D /* Algorithms-Prefix.pch */ = {isa = PBXFileReference; lastKnownFileType = sourcecode.c.h; path = "Algorithms-Prefix.pch"; sourceTree = "<group>"; };
		0954341C1606D232001D3E5D /* AppDelegate.h */ = {isa = PBXFileReference; lastKnownFileType = sourcecode.c.h; path = AppDelegate.h; sourceTree = "<group>"; };
		0954341D1606D232001D3E5D /* AppDelegate.m */ = {isa = PBXFileReference; lastKnownFileType = sourcecode.c.objc; path = AppDelegate.m; sourceTree = "<group>"; };
		095434201606D232001D3E5D /* en */ = {isa = PBXFileReference; lastKnownFileType = file.storyboard; name = en; path = en.lproj/MainStoryboard.storyboard; sourceTree = "<group>"; };
		095434231606D232001D3E5D /* Algorithms.xcdatamodel */ = {isa = PBXFileReference; lastKnownFileType = wrapper.xcdatamodel; path = Algorithms.xcdatamodel; sourceTree = "<group>"; };
		095434251606D232001D3E5D /* MasterViewController.h */ = {isa = PBXFileReference; lastKnownFileType = sourcecode.c.h; path = MasterViewController.h; sourceTree = "<group>"; };
		095434261606D232001D3E5D /* MasterViewController.m */ = {isa = PBXFileReference; lastKnownFileType = sourcecode.c.objc; path = MasterViewController.m; sourceTree = "<group>"; };
		095434301606D233001D3E5D /* AlgorithmsTests.octest */ = {isa = PBXFileReference; explicitFileType = wrapper.cfbundle; includeInIndex = 0; path = AlgorithmsTests.octest; sourceTree = BUILT_PRODUCTS_DIR; };
		095434311606D233001D3E5D /* SenTestingKit.framework */ = {isa = PBXFileReference; lastKnownFileType = wrapper.framework; name = SenTestingKit.framework; path = Library/Frameworks/SenTestingKit.framework; sourceTree = DEVELOPER_DIR; };
		0954343A1606D233001D3E5D /* AlgorithmsTests-Info.plist */ = {isa = PBXFileReference; lastKnownFileType = text.plist.xml; path = "AlgorithmsTests-Info.plist"; sourceTree = "<group>"; };
		0954343C1606D233001D3E5D /* en */ = {isa = PBXFileReference; lastKnownFileType = text.plist.strings; name = en; path = en.lproj/InfoPlist.strings; sourceTree = "<group>"; };
		0954343E1606D233001D3E5D /* AlgorithmsTests.h */ = {isa = PBXFileReference; lastKnownFileType = sourcecode.c.h; path = AlgorithmsTests.h; sourceTree = "<group>"; };
		0954343F1606D233001D3E5D /* AlgorithmsTests.m */ = {isa = PBXFileReference; lastKnownFileType = sourcecode.c.objc; path = AlgorithmsTests.m; sourceTree = "<group>"; };
		0954344A1606D5F3001D3E5D /* LinkedListViewController.h */ = {isa = PBXFileReference; fileEncoding = 4; lastKnownFileType = sourcecode.c.h; path = LinkedListViewController.h; sourceTree = "<group>"; };
		0954344B1606D5F3001D3E5D /* LinkedListViewController.m */ = {isa = PBXFileReference; fileEncoding = 4; lastKnownFileType = sourcecode.c.objc; path = LinkedListViewController.m; sourceTree = "<group>"; };
		0954344D1606D875001D3E5D /* LinkedList.h */ = {isa = PBXFileReference; fileEncoding = 4; lastKnownFileType = sourcecode.c.h; path = LinkedList.h; sourceTree = "<group>"; };
		0954344E1606D875001D3E5D /* LinkedList.m */ = {isa = PBXFileReference; fileEncoding = 4; lastKnownFileType = sourcecode.c.objc; path = LinkedList.m; sourceTree = "<group>"; };
		095434501606D895001D3E5D /* ListNode.h */ = {isa = PBXFileReference; fileEncoding = 4; lastKnownFileType = sourcecode.c.h; path = ListNode.h; sourceTree = "<group>"; };
		095434511606D895001D3E5D /* ListNode.m */ = {isa = PBXFileReference; fileEncoding = 4; lastKnownFileType = sourcecode.c.objc; path = ListNode.m; sourceTree = "<group>"; };
		09584E14160E55B000AF8427 /* CodePopoverController.h */ = {isa = PBXFileReference; fileEncoding = 4; lastKnownFileType = sourcecode.c.h; path = CodePopoverController.h; sourceTree = "<group>"; };
		09584E15160E55B000AF8427 /* CodePopoverController.m */ = {isa = PBXFileReference; fileEncoding = 4; lastKnownFileType = sourcecode.c.objc; path = CodePopoverController.m; sourceTree = "<group>"; };
		0961716D162FBF4B00B20431 /* Algorithm.h */ = {isa = PBXFileReference; fileEncoding = 4; lastKnownFileType = sourcecode.c.h; path = Algorithm.h; sourceTree = "<group>"; };
		0961716E162FBF4B00B20431 /* Algorithm.m */ = {isa = PBXFileReference; fileEncoding = 4; lastKnownFileType = sourcecode.c.objc; path = Algorithm.m; sourceTree = "<group>"; };
		09617171162FC1BA00B20431 /* WikiViewController.h */ = {isa = PBXFileReference; fileEncoding = 4; lastKnownFileType = sourcecode.c.h; path = WikiViewController.h; sourceTree = "<group>"; };
		09617172162FC1BA00B20431 /* WikiViewController.m */ = {isa = PBXFileReference; fileEncoding = 4; lastKnownFileType = sourcecode.c.objc; path = WikiViewController.m; sourceTree = "<group>"; };
		096912C8160A6BE600E5AFB7 /* QuartzCore.framework */ = {isa = PBXFileReference; lastKnownFileType = wrapper.framework; name = QuartzCore.framework; path = System/Library/Frameworks/QuartzCore.framework; sourceTree = SDKROOT; };
		096D6C3F163639E4005CF7C2 /* Welcome.png */ = {isa = PBXFileReference; lastKnownFileType = image.png; path = Welcome.png; sourceTree = "<group>"; };
		096D6C40163639E4005CF7C2 /* Welcome@2x.png */ = {isa = PBXFileReference; lastKnownFileType = image.png; path = "Welcome@2x.png"; sourceTree = "<group>"; };
		096D6C4316363A71005CF7C2 /* background.png */ = {isa = PBXFileReference; lastKnownFileType = image.png; path = background.png; sourceTree = "<group>"; };
		096D6C4416363A71005CF7C2 /* background@2x.png */ = {isa = PBXFileReference; lastKnownFileType = image.png; path = "background@2x.png"; sourceTree = "<group>"; };
		09745B37162A6FD90031F65D /* SettingsViewController.h */ = {isa = PBXFileReference; fileEncoding = 4; lastKnownFileType = sourcecode.c.h; path = SettingsViewController.h; sourceTree = "<group>"; };
		09745B38162A6FD90031F65D /* SettingsViewController.m */ = {isa = PBXFileReference; fileEncoding = 4; lastKnownFileType = sourcecode.c.objc; path = SettingsViewController.m; sourceTree = "<group>"; };
		099EC974160FDC3C00FD136A /* Objects.json */ = {isa = PBXFileReference; fileEncoding = 4; lastKnownFileType = text.json; path = Objects.json; sourceTree = "<group>"; };
		09ADEE95161CDBF300BD0CAE /* RedBlackTreeViewController.h */ = {isa = PBXFileReference; fileEncoding = 4; lastKnownFileType = sourcecode.c.h; path = RedBlackTreeViewController.h; sourceTree = "<group>"; };
		09ADEE96161CDBF300BD0CAE /* RedBlackTreeViewController.m */ = {isa = PBXFileReference; fileEncoding = 4; lastKnownFileType = sourcecode.c.objc; path = RedBlackTreeViewController.m; sourceTree = "<group>"; };
		09ADEE98161CDC0400BD0CAE /* RedBlackTree.h */ = {isa = PBXFileReference; fileEncoding = 4; lastKnownFileType = sourcecode.c.h; path = RedBlackTree.h; sourceTree = "<group>"; };
		09ADEE99161CDC0400BD0CAE /* RedBlackTree.m */ = {isa = PBXFileReference; fileEncoding = 4; lastKnownFileType = sourcecode.c.objc; path = RedBlackTree.m; sourceTree = "<group>"; };
		09ADEE9B161CDC7F00BD0CAE /* RedBlackNode.h */ = {isa = PBXFileReference; fileEncoding = 4; lastKnownFileType = sourcecode.c.h; path = RedBlackNode.h; sourceTree = "<group>"; };
		09ADEE9C161CDC7F00BD0CAE /* RedBlackNode.m */ = {isa = PBXFileReference; fileEncoding = 4; lastKnownFileType = sourcecode.c.objc; path = RedBlackNode.m; sourceTree = "<group>"; };
		09ADEE9E161CE51C00BD0CAE /* RedBlackView.h */ = {isa = PBXFileReference; fileEncoding = 4; lastKnownFileType = sourcecode.c.h; path = RedBlackView.h; sourceTree = "<group>"; };
		09ADEE9F161CE51C00BD0CAE /* RedBlackView.m */ = {isa = PBXFileReference; fileEncoding = 4; lastKnownFileType = sourcecode.c.objc; path = RedBlackView.m; sourceTree = "<group>"; };
		09ADEEA1161CE53500BD0CAE /* TreeView.h */ = {isa = PBXFileReference; fileEncoding = 4; lastKnownFileType = sourcecode.c.h; path = TreeView.h; sourceTree = "<group>"; };
		09ADEEA2161CE53500BD0CAE /* TreeView.m */ = {isa = PBXFileReference; fileEncoding = 4; lastKnownFileType = sourcecode.c.objc; path = TreeView.m; sourceTree = "<group>"; };
		09ADEEA4161CE9A100BD0CAE /* TreeViewController.h */ = {isa = PBXFileReference; fileEncoding = 4; lastKnownFileType = sourcecode.c.h; path = TreeViewController.h; sourceTree = "<group>"; };
		09ADEEA5161CE9A200BD0CAE /* TreeViewController.m */ = {isa = PBXFileReference; fileEncoding = 4; lastKnownFileType = sourcecode.c.objc; path = TreeViewController.m; sourceTree = "<group>"; };
		09B33FA116128C58000FF89F /* BinarySearchTree.h */ = {isa = PBXFileReference; fileEncoding = 4; lastKnownFileType = sourcecode.c.h; path = BinarySearchTree.h; sourceTree = "<group>"; };
		09B33FA216128C58000FF89F /* BinarySearchTree.m */ = {isa = PBXFileReference; fileEncoding = 4; lastKnownFileType = sourcecode.c.objc; path = BinarySearchTree.m; sourceTree = "<group>"; };
		09B33FA41612937E000FF89F /* BSTViewController.h */ = {isa = PBXFileReference; fileEncoding = 4; lastKnownFileType = sourcecode.c.h; path = BSTViewController.h; sourceTree = "<group>"; };
		09B33FA51612937F000FF89F /* BSTViewController.m */ = {isa = PBXFileReference; fileEncoding = 4; lastKnownFileType = sourcecode.c.objc; path = BSTViewController.m; sourceTree = "<group>"; };
		09B4CDFD16291AEB00145317 /* MergeSortSub.h */ = {isa = PBXFileReference; fileEncoding = 4; lastKnownFileType = sourcecode.c.h; path = MergeSortSub.h; sourceTree = "<group>"; };
		09B4CDFE16291AEB00145317 /* MergeSortSub.m */ = {isa = PBXFileReference; fileEncoding = 4; lastKnownFileType = sourcecode.c.objc; path = MergeSortSub.m; sourceTree = "<group>"; };
		09B4CE01162936BB00145317 /* words.txt */ = {isa = PBXFileReference; fileEncoding = 4; lastKnownFileType = text; path = words.txt; sourceTree = "<group>"; };
		09B4CE071629EF9F00145317 /* SuggestionViewController.h */ = {isa = PBXFileReference; fileEncoding = 4; lastKnownFileType = sourcecode.c.h; path = SuggestionViewController.h; sourceTree = "<group>"; };
		09B4CE081629EF9F00145317 /* SuggestionViewController.m */ = {isa = PBXFileReference; fileEncoding = 4; lastKnownFileType = sourcecode.c.objc; path = SuggestionViewController.m; sourceTree = "<group>"; };
		09B8183D161D25CF004B026C /* AVLTreeController.h */ = {isa = PBXFileReference; fileEncoding = 4; lastKnownFileType = sourcecode.c.h; path = AVLTreeController.h; sourceTree = "<group>"; };
		09B8183E161D25CF004B026C /* AVLTreeController.m */ = {isa = PBXFileReference; fileEncoding = 4; lastKnownFileType = sourcecode.c.objc; path = AVLTreeController.m; sourceTree = "<group>"; };
		09B81840161D25E2004B026C /* AVLTree.h */ = {isa = PBXFileReference; fileEncoding = 4; lastKnownFileType = sourcecode.c.h; path = AVLTree.h; sourceTree = "<group>"; };
		09B81841161D25E2004B026C /* AVLTree.m */ = {isa = PBXFileReference; fileEncoding = 4; lastKnownFileType = sourcecode.c.objc; lineEnding = 0; path = AVLTree.m; sourceTree = "<group>"; xcLanguageSpecificationIdentifier = xcode.lang.objc; };
		09B81843161D279F004B026C /* AVLNode.h */ = {isa = PBXFileReference; fileEncoding = 4; lastKnownFileType = sourcecode.c.h; path = AVLNode.h; sourceTree = "<group>"; };
		09B81844161D279F004B026C /* AVLNode.m */ = {isa = PBXFileReference; fileEncoding = 4; lastKnownFileType = sourcecode.c.objc; path = AVLNode.m; sourceTree = "<group>"; };
		09BAD66D1620BCA200ACCFF8 /* TrieViewController.h */ = {isa = PBXFileReference; fileEncoding = 4; lastKnownFileType = sourcecode.c.h; path = TrieViewController.h; sourceTree = "<group>"; };
		09BAD66E1620BCA200ACCFF8 /* TrieViewController.m */ = {isa = PBXFileReference; fileEncoding = 4; lastKnownFileType = sourcecode.c.objc; path = TrieViewController.m; sourceTree = "<group>"; };
		09BAD6701620BCB800ACCFF8 /* Trie.h */ = {isa = PBXFileReference; fileEncoding = 4; lastKnownFileType = sourcecode.c.h; path = Trie.h; sourceTree = "<group>"; };
		09BAD6711620BCB800ACCFF8 /* Trie.m */ = {isa = PBXFileReference; fileEncoding = 4; lastKnownFileType = sourcecode.c.objc; path = Trie.m; sourceTree = "<group>"; };
		09BAD6731620BE3200ACCFF8 /* TrieNode.h */ = {isa = PBXFileReference; fileEncoding = 4; lastKnownFileType = sourcecode.c.h; path = TrieNode.h; sourceTree = "<group>"; };
		09BAD6741620BE3200ACCFF8 /* TrieNode.m */ = {isa = PBXFileReference; fileEncoding = 4; lastKnownFileType = sourcecode.c.objc; path = TrieNode.m; sourceTree = "<group>"; };
		09BAD6761620C60F00ACCFF8 /* TrieView.h */ = {isa = PBXFileReference; fileEncoding = 4; lastKnownFileType = sourcecode.c.h; path = TrieView.h; sourceTree = "<group>"; };
		09BAD6771620C60F00ACCFF8 /* TrieView.m */ = {isa = PBXFileReference; fileEncoding = 4; lastKnownFileType = sourcecode.c.objc; path = TrieView.m; sourceTree = "<group>"; };
		09BAD67C1620D76100ACCFF8 /* BubbleSortSub.h */ = {isa = PBXFileReference; fileEncoding = 4; lastKnownFileType = sourcecode.c.h; path = BubbleSortSub.h; sourceTree = "<group>"; };
		09BAD67D1620D76100ACCFF8 /* BubbleSortSub.m */ = {isa = PBXFileReference; fileEncoding = 4; lastKnownFileType = sourcecode.c.objc; path = BubbleSortSub.m; sourceTree = "<group>"; };
		09C070A316115BDD001F4C12 /* NodeView.h */ = {isa = PBXFileReference; fileEncoding = 4; lastKnownFileType = sourcecode.c.h; path = NodeView.h; sourceTree = "<group>"; };
		09C070A416115BDD001F4C12 /* NodeView.m */ = {isa = PBXFileReference; fileEncoding = 4; lastKnownFileType = sourcecode.c.objc; path = NodeView.m; sourceTree = "<group>"; };
		09D65B731631B967001EF3C2 /* GraphViewController.h */ = {isa = PBXFileReference; fileEncoding = 4; lastKnownFileType = sourcecode.c.h; path = GraphViewController.h; sourceTree = "<group>"; };
		09D65B741631B967001EF3C2 /* GraphViewController.m */ = {isa = PBXFileReference; fileEncoding = 4; lastKnownFileType = sourcecode.c.objc; path = GraphViewController.m; sourceTree = "<group>"; };
		09D65B761631B9A3001EF3C2 /* GraphNode.h */ = {isa = PBXFileReference; fileEncoding = 4; lastKnownFileType = sourcecode.c.h; path = GraphNode.h; sourceTree = "<group>"; };
		09D65B771631B9A3001EF3C2 /* GraphNode.m */ = {isa = PBXFileReference; fileEncoding = 4; lastKnownFileType = sourcecode.c.objc; path = GraphNode.m; sourceTree = "<group>"; };
		09D65B791631BA0C001EF3C2 /* GraphEdge.h */ = {isa = PBXFileReference; fileEncoding = 4; lastKnownFileType = sourcecode.c.h; path = GraphEdge.h; sourceTree = "<group>"; };
		09D65B7A1631BA0C001EF3C2 /* GraphEdge.m */ = {isa = PBXFileReference; fileEncoding = 4; lastKnownFileType = sourcecode.c.objc; path = GraphEdge.m; sourceTree = "<group>"; };
		09D65B7C1631BA39001EF3C2 /* EdgeWeight.h */ = {isa = PBXFileReference; fileEncoding = 4; lastKnownFileType = sourcecode.c.h; path = EdgeWeight.h; sourceTree = "<group>"; };
		09D65B7D1631BA39001EF3C2 /* EdgeWeight.m */ = {isa = PBXFileReference; fileEncoding = 4; lastKnownFileType = sourcecode.c.objc; path = EdgeWeight.m; sourceTree = "<group>"; };
		09E957381609500500F5D573 /* StackViewController.h */ = {isa = PBXFileReference; fileEncoding = 4; lastKnownFileType = sourcecode.c.h; path = StackViewController.h; sourceTree = "<group>"; };
		09E957391609500500F5D573 /* StackViewController.m */ = {isa = PBXFileReference; fileEncoding = 4; lastKnownFileType = sourcecode.c.objc; path = StackViewController.m; sourceTree = "<group>"; };
		09E9573B1609501800F5D573 /* Stack.h */ = {isa = PBXFileReference; fileEncoding = 4; lastKnownFileType = sourcecode.c.h; path = Stack.h; sourceTree = "<group>"; };
		09E9573C1609501800F5D573 /* Stack.m */ = {isa = PBXFileReference; fileEncoding = 4; lastKnownFileType = sourcecode.c.objc; path = Stack.m; sourceTree = "<group>"; };
		09F0D3F0160CEB9600CF657E /* arrow_right_filled.png */ = {isa = PBXFileReference; lastKnownFileType = image.png; path = arrow_right_filled.png; sourceTree = "<group>"; };
		09F0D3F1160CEB9600CF657E /* arrow_right_filled@2x.png */ = {isa = PBXFileReference; lastKnownFileType = image.png; path = "arrow_right_filled@2x.png"; sourceTree = "<group>"; };
		09F0D3F3160CEB9600CF657E /* arrow_right@2x.png */ = {isa = PBXFileReference; lastKnownFileType = image.png; path = "arrow_right@2x.png"; sourceTree = "<group>"; };
		09F0D401160CF04A00CF657E /* DataViewController.h */ = {isa = PBXFileReference; fileEncoding = 4; lastKnownFileType = sourcecode.c.h; path = DataViewController.h; sourceTree = "<group>"; };
		09F0D402160CF04A00CF657E /* DataViewController.m */ = {isa = PBXFileReference; fileEncoding = 4; lastKnownFileType = sourcecode.c.objc; path = DataViewController.m; sourceTree = "<group>"; };
		09F1525D161221040088A374 /* DoublyLinkedList.h */ = {isa = PBXFileReference; fileEncoding = 4; lastKnownFileType = sourcecode.c.h; path = DoublyLinkedList.h; sourceTree = "<group>"; };
		09F1525E161221040088A374 /* DoublyLinkedList.m */ = {isa = PBXFileReference; fileEncoding = 4; lastKnownFileType = sourcecode.c.objc; path = DoublyLinkedList.m; sourceTree = "<group>"; };
		09F929DC160EB4F400FC497A /* prettify.css */ = {isa = PBXFileReference; fileEncoding = 4; lastKnownFileType = text.css; path = prettify.css; sourceTree = "<group>"; };
		09F929DD160EB4F400FC497A /* prettify.js */ = {isa = PBXFileReference; fileEncoding = 4; lastKnownFileType = sourcecode.javascript; path = prettify.js; sourceTree = "<group>"; };
		09F929FA160EC04700FC497A /* sons-of-obsidian.css */ = {isa = PBXFileReference; fileEncoding = 4; lastKnownFileType = text.css; path = "sons-of-obsidian.css"; sourceTree = "<group>"; };
		09F929FC160EC06B00FC497A /* sunburst.css */ = {isa = PBXFileReference; fileEncoding = 4; lastKnownFileType = text.css; name = sunburst.css; path = ../sunburst.css; sourceTree = "<group>"; };
		09F929FE160EC0B700FC497A /* desert.css */ = {isa = PBXFileReference; fileEncoding = 4; lastKnownFileType = text.css; path = desert.css; sourceTree = "<group>"; };
		09FA27461617D34D00738463 /* Heap.h */ = {isa = PBXFileReference; fileEncoding = 4; lastKnownFileType = sourcecode.c.h; path = Heap.h; sourceTree = "<group>"; };
		09FA27471617D34D00738463 /* Heap.m */ = {isa = PBXFileReference; fileEncoding = 4; lastKnownFileType = sourcecode.c.objc; path = Heap.m; sourceTree = "<group>"; };
		09FA27491617D36400738463 /* HeapViewController.h */ = {isa = PBXFileReference; fileEncoding = 4; lastKnownFileType = sourcecode.c.h; path = HeapViewController.h; sourceTree = "<group>"; };
		09FA274A1617D36400738463 /* HeapViewController.m */ = {isa = PBXFileReference; fileEncoding = 4; lastKnownFileType = sourcecode.c.objc; path = HeapViewController.m; sourceTree = "<group>"; };
		09FA274C1617D4BE00738463 /* ArrayHeap.h */ = {isa = PBXFileReference; fileEncoding = 4; lastKnownFileType = sourcecode.c.h; path = ArrayHeap.h; sourceTree = "<group>"; };
		09FA274D1617D4BE00738463 /* ArrayHeap.m */ = {isa = PBXFileReference; fileEncoding = 4; lastKnownFileType = sourcecode.c.objc; path = ArrayHeap.m; sourceTree = "<group>"; };
		09FA274F1617DE1700738463 /* HeapNode.h */ = {isa = PBXFileReference; fileEncoding = 4; lastKnownFileType = sourcecode.c.h; path = HeapNode.h; sourceTree = "<group>"; };
		09FA27501617DE1700738463 /* HeapNode.m */ = {isa = PBXFileReference; fileEncoding = 4; lastKnownFileType = sourcecode.c.objc; path = HeapNode.m; sourceTree = "<group>"; };
/* End PBXFileReference section */

/* Begin PBXFrameworksBuildPhase section */
		095434041606D232001D3E5D /* Frameworks */ = {
			isa = PBXFrameworksBuildPhase;
			buildActionMask = 2147483647;
			files = (
				09427AE31630C336003534CA /* MessageUI.framework in Frameworks */,
				096912C9160A6BE600E5AFB7 /* QuartzCore.framework in Frameworks */,
				0954340C1606D232001D3E5D /* UIKit.framework in Frameworks */,
				0954340E1606D232001D3E5D /* Foundation.framework in Frameworks */,
				095434101606D232001D3E5D /* CoreGraphics.framework in Frameworks */,
				095434121606D232001D3E5D /* CoreData.framework in Frameworks */,
			);
			runOnlyForDeploymentPostprocessing = 0;
		};
		0954342C1606D233001D3E5D /* Frameworks */ = {
			isa = PBXFrameworksBuildPhase;
			buildActionMask = 2147483647;
			files = (
				095434321606D233001D3E5D /* SenTestingKit.framework in Frameworks */,
				095434331606D233001D3E5D /* UIKit.framework in Frameworks */,
				095434341606D233001D3E5D /* Foundation.framework in Frameworks */,
				095434351606D233001D3E5D /* CoreData.framework in Frameworks */,
			);
			runOnlyForDeploymentPostprocessing = 0;
		};
/* End PBXFrameworksBuildPhase section */

/* Begin PBXGroup section */
		09006236160FEE8B00360BFE /* Core Data Stack */ = {
			isa = PBXGroup;
			children = (
				0961716D162FBF4B00B20431 /* Algorithm.h */,
				0961716E162FBF4B00B20431 /* Algorithm.m */,
				095434221606D232001D3E5D /* Algorithms.xcdatamodeld */,
				09038F4E1612615300D4E530 /* RelatedFile.h */,
				09038F4F1612615300D4E530 /* RelatedFile.m */,
				09006232160FEE8400360BFE /* Category.h */,
				09006233160FEE8400360BFE /* Category.m */,
				09006217160FEB3100360BFE /* DataManager.h */,
				09006218160FEB3100360BFE /* DataManager.m */,
				099EC974160FDC3C00FD136A /* Objects.json */,
			);
			name = "Core Data Stack";
			sourceTree = "<group>";
		};
		09038F33161252B500D4E530 /* MergeSort */ = {
			isa = PBXGroup;
			children = (
				09038F381612554D00D4E530 /* MergeSortViewController.h */,
				09038F391612554D00D4E530 /* MergeSortViewController.m */,
				09038F35161252C500D4E530 /* MergeSort.h */,
				09038F36161252C500D4E530 /* MergeSort.m */,
				09B4CDFD16291AEB00145317 /* MergeSortSub.h */,
				09B4CDFE16291AEB00145317 /* MergeSortSub.m */,
			);
			name = MergeSort;
			sourceTree = "<group>";
		};
		09038F4D1612603400D4E530 /* Node Types */ = {
			isa = PBXGroup;
			children = (
				09038F4816125F7900D4E530 /* Node.h */,
				09038F4916125F7900D4E530 /* Node.m */,
				095434501606D895001D3E5D /* ListNode.h */,
				095434511606D895001D3E5D /* ListNode.m */,
				09038F4516125F2200D4E530 /* TreeNode.h */,
				09038F4616125F2300D4E530 /* TreeNode.m */,
				09FA274F1617DE1700738463 /* HeapNode.h */,
				09FA27501617DE1700738463 /* HeapNode.m */,
				09ADEE9B161CDC7F00BD0CAE /* RedBlackNode.h */,
				09ADEE9C161CDC7F00BD0CAE /* RedBlackNode.m */,
				09B81843161D279F004B026C /* AVLNode.h */,
				09B81844161D279F004B026C /* AVLNode.m */,
				09BAD6731620BE3200ACCFF8 /* TrieNode.h */,
				09BAD6741620BE3200ACCFF8 /* TrieNode.m */,
			);
			name = "Node Types";
			sourceTree = "<group>";
		};
		0937E32216120FE10044040F /* CodeViews */ = {
			isa = PBXGroup;
			children = (
				09584E14160E55B000AF8427 /* CodePopoverController.h */,
				09584E15160E55B000AF8427 /* CodePopoverController.m */,
				091F64AC160E5D0200F9439A /* CodeViewController.h */,
				091F64AD160E5D0200F9439A /* CodeViewController.m */,
			);
			name = CodeViews;
			sourceTree = "<group>";
		};
		0937E32416120FF60044040F /* Data Structures */ = {
			isa = PBXGroup;
			children = (
				09D65B711631B81F001EF3C2 /* Graph */,
				09B4CE0B1629F54200145317 /* Tree */,
				09B4CE0C1629F54C00145317 /* List */,
			);
			name = "Data Structures";
			sourceTree = "<group>";
		};
		0937E325161210100044040F /* Auxilary views */ = {
			isa = PBXGroup;
			children = (
				094B746B160A6F3200C47C3E /* ArrowView.h */,
				094B746C160A6F3200C47C3E /* ArrowView.m */,
				09C070A316115BDD001F4C12 /* NodeView.h */,
				09C070A416115BDD001F4C12 /* NodeView.m */,
				09ADEEA1161CE53500BD0CAE /* TreeView.h */,
				09ADEEA2161CE53500BD0CAE /* TreeView.m */,
				09BAD6761620C60F00ACCFF8 /* TrieView.h */,
				09BAD6771620C60F00ACCFF8 /* TrieView.m */,
			);
			name = "Auxilary views";
			sourceTree = "<group>";
		};
		0937E329161210710044040F /* BubbleSort */ = {
			isa = PBXGroup;
			children = (
				0937E3261612106B0044040F /* BubbleSortViewController.h */,
				0937E3271612106C0044040F /* BubbleSortViewController.m */,
				0937E32B161210B00044040F /* BubbleSort.h */,
				0937E32C161210B00044040F /* BubbleSort.m */,
				09BAD67C1620D76100ACCFF8 /* BubbleSortSub.h */,
				09BAD67D1620D76100ACCFF8 /* BubbleSortSub.m */,
			);
			name = BubbleSort;
			sourceTree = "<group>";
		};
		0937E32A1612107C0044040F /* Algorithms */ = {
			isa = PBXGroup;
			children = (
				09038F33161252B500D4E530 /* MergeSort */,
				0937E329161210710044040F /* BubbleSort */,
			);
			name = Algorithms;
			sourceTree = "<group>";
		};
		094B7467160A6EA500C47C3E /* Images */ = {
			isa = PBXGroup;
			children = (
				094B7469160A6EF000C47C3E /* arrow_right.png */,
				09F0D3F0160CEB9600CF657E /* arrow_right_filled.png */,
				09F0D3F1160CEB9600CF657E /* arrow_right_filled@2x.png */,
				09F0D3F3160CEB9600CF657E /* arrow_right@2x.png */,
			);
			name = Images;
			sourceTree = "<group>";
		};
		095433FC1606D232001D3E5D = {
			isa = PBXGroup;
			children = (
				09427AE21630C336003534CA /* MessageUI.framework */,
				095434131606D232001D3E5D /* Algorithms */,
				095434381606D233001D3E5D /* AlgorithmsTests */,
				0954340A1606D232001D3E5D /* Frameworks */,
				095434081606D232001D3E5D /* Products */,
			);
			sourceTree = "<group>";
		};
		095434081606D232001D3E5D /* Products */ = {
			isa = PBXGroup;
			children = (
				095434071606D232001D3E5D /* Algorithms.app */,
				095434301606D233001D3E5D /* AlgorithmsTests.octest */,
			);
			name = Products;
			sourceTree = "<group>";
		};
		0954340A1606D232001D3E5D /* Frameworks */ = {
			isa = PBXGroup;
			children = (
				096912C8160A6BE600E5AFB7 /* QuartzCore.framework */,
				0954340B1606D232001D3E5D /* UIKit.framework */,
				0954340D1606D232001D3E5D /* Foundation.framework */,
				0954340F1606D232001D3E5D /* CoreGraphics.framework */,
				095434111606D232001D3E5D /* CoreData.framework */,
				095434311606D233001D3E5D /* SenTestingKit.framework */,
			);
			name = Frameworks;
			sourceTree = "<group>";
		};
		095434131606D232001D3E5D /* Algorithms */ = {
			isa = PBXGroup;
			children = (
				09427ACE163081C3003534CA /* Algorithms.entitlements */,
				0954341C1606D232001D3E5D /* AppDelegate.h */,
				0954341D1606D232001D3E5D /* AppDelegate.m */,
				0954341F1606D232001D3E5D /* MainStoryboard.storyboard */,
				095434251606D232001D3E5D /* MasterViewController.h */,
				095434261606D232001D3E5D /* MasterViewController.m */,
				09745B37162A6FD90031F65D /* SettingsViewController.h */,
				09745B38162A6FD90031F65D /* SettingsViewController.m */,
				09F0D401160CF04A00CF657E /* DataViewController.h */,
				09F0D402160CF04A00CF657E /* DataViewController.m */,
				09006236160FEE8B00360BFE /* Core Data Stack */,
				09038F4D1612603400D4E530 /* Node Types */,
				0937E325161210100044040F /* Auxilary views */,
				0937E32216120FE10044040F /* CodeViews */,
				09617170162FC15D00B20431 /* Wiki View */,
				0937E32416120FF60044040F /* Data Structures */,
				0937E32A1612107C0044040F /* Algorithms */,
				095434141606D232001D3E5D /* Supporting Files */,
			);
			path = Algorithms;
			sourceTree = "<group>";
		};
		095434141606D232001D3E5D /* Supporting Files */ = {
			isa = PBXGroup;
			children = (
				09427ACC16307DBC003534CA /* Default-Landscape~ipad.png */,
				09427ACA16307DAE003534CA /* Default-Portrait~ipad.png */,
				09427AC816307DA7003534CA /* Default-Portrait@2x~ipad.png */,
				09427AC616307AC2003534CA /* Default-Landscape@2x~ipad.png */,
				09427AC416307A9E003534CA /* Icon-72.png */,
				09427AC116307A77003534CA /* Icon-144.png */,
				096D6C3F163639E4005CF7C2 /* Welcome.png */,
				096D6C40163639E4005CF7C2 /* Welcome@2x.png */,
				096D6C4316363A71005CF7C2 /* background.png */,
				096D6C4416363A71005CF7C2 /* background@2x.png */,
				09F929C9160EB4F400FC497A /* prettify */,
				094B7467160A6EA500C47C3E /* Images */,
				095434151606D232001D3E5D /* Algorithms-Info.plist */,
				095434161606D232001D3E5D /* InfoPlist.strings */,
				095434191606D232001D3E5D /* main.m */,
				0954341B1606D232001D3E5D /* Algorithms-Prefix.pch */,
			);
			name = "Supporting Files";
			sourceTree = "<group>";
		};
		095434381606D233001D3E5D /* AlgorithmsTests */ = {
			isa = PBXGroup;
			children = (
				0954343E1606D233001D3E5D /* AlgorithmsTests.h */,
				0954343F1606D233001D3E5D /* AlgorithmsTests.m */,
				095434391606D233001D3E5D /* Supporting Files */,
			);
			path = AlgorithmsTests;
			sourceTree = "<group>";
		};
		095434391606D233001D3E5D /* Supporting Files */ = {
			isa = PBXGroup;
			children = (
				0954343A1606D233001D3E5D /* AlgorithmsTests-Info.plist */,
				0954343B1606D233001D3E5D /* InfoPlist.strings */,
			);
			name = "Supporting Files";
			sourceTree = "<group>";
		};
		095434491606D5BA001D3E5D /* LinkedList */ = {
			isa = PBXGroup;
			children = (
				0954344A1606D5F3001D3E5D /* LinkedListViewController.h */,
				0954344B1606D5F3001D3E5D /* LinkedListViewController.m */,
				0954344D1606D875001D3E5D /* LinkedList.h */,
				0954344E1606D875001D3E5D /* LinkedList.m */,
			);
			name = LinkedList;
			sourceTree = "<group>";
		};
		09617170162FC15D00B20431 /* Wiki View */ = {
			isa = PBXGroup;
			children = (
				09617171162FC1BA00B20431 /* WikiViewController.h */,
				09617172162FC1BA00B20431 /* WikiViewController.m */,
			);
			name = "Wiki View";
			sourceTree = "<group>";
		};
		09ADEE93161CDBDA00BD0CAE /* RedBlackTree */ = {
			isa = PBXGroup;
			children = (
				09ADEE95161CDBF300BD0CAE /* RedBlackTreeViewController.h */,
				09ADEE96161CDBF300BD0CAE /* RedBlackTreeViewController.m */,
				09ADEE9E161CE51C00BD0CAE /* RedBlackView.h */,
				09ADEE9F161CE51C00BD0CAE /* RedBlackView.m */,
				09ADEE98161CDC0400BD0CAE /* RedBlackTree.h */,
				09ADEE99161CDC0400BD0CAE /* RedBlackTree.m */,
			);
			name = RedBlackTree;
			sourceTree = "<group>";
		};
		09B33F9F16128C29000FF89F /* BinarySearchTree */ = {
			isa = PBXGroup;
			children = (
				09B33FA41612937E000FF89F /* BSTViewController.h */,
				09B33FA51612937F000FF89F /* BSTViewController.m */,
				09B33FA116128C58000FF89F /* BinarySearchTree.h */,
				09B33FA216128C58000FF89F /* BinarySearchTree.m */,
			);
			name = BinarySearchTree;
			sourceTree = "<group>";
		};
		09B4CE0B1629F54200145317 /* Tree */ = {
			isa = PBXGroup;
			children = (
				09ADEEA4161CE9A100BD0CAE /* TreeViewController.h */,
				09ADEEA5161CE9A200BD0CAE /* TreeViewController.m */,
				09BAD66B1620BC8300ACCFF8 /* Trie */,
				09B8183B161D25AB004B026C /* AVLTree */,
				09ADEE93161CDBDA00BD0CAE /* RedBlackTree */,
				09FA27441617D33400738463 /* Heap */,
				09B33F9F16128C29000FF89F /* BinarySearchTree */,
			);
			name = Tree;
			sourceTree = "<group>";
		};
		09B4CE0C1629F54C00145317 /* List */ = {
			isa = PBXGroup;
			children = (
				09F152611612210A0088A374 /* DoublyLinkedList */,
				09E9573616094FE300F5D573 /* Stack */,
				095434491606D5BA001D3E5D /* LinkedList */,
			);
			name = List;
			sourceTree = "<group>";
		};
		09B8183B161D25AB004B026C /* AVLTree */ = {
			isa = PBXGroup;
			children = (
				09B8183D161D25CF004B026C /* AVLTreeController.h */,
				09B8183E161D25CF004B026C /* AVLTreeController.m */,
				09B81840161D25E2004B026C /* AVLTree.h */,
				09B81841161D25E2004B026C /* AVLTree.m */,
			);
			name = AVLTree;
			sourceTree = "<group>";
		};
		09BAD66B1620BC8300ACCFF8 /* Trie */ = {
			isa = PBXGroup;
			children = (
				09B4CE01162936BB00145317 /* words.txt */,
				09BAD66D1620BCA200ACCFF8 /* TrieViewController.h */,
				09BAD66E1620BCA200ACCFF8 /* TrieViewController.m */,
				09B4CE071629EF9F00145317 /* SuggestionViewController.h */,
				09B4CE081629EF9F00145317 /* SuggestionViewController.m */,
				09BAD6701620BCB800ACCFF8 /* Trie.h */,
				09BAD6711620BCB800ACCFF8 /* Trie.m */,
			);
			name = Trie;
			sourceTree = "<group>";
		};
		09D65B711631B81F001EF3C2 /* Graph */ = {
			isa = PBXGroup;
			children = (
				09D65B731631B967001EF3C2 /* GraphViewController.h */,
				09D65B741631B967001EF3C2 /* GraphViewController.m */,
				09D65B761631B9A3001EF3C2 /* GraphNode.h */,
				09D65B771631B9A3001EF3C2 /* GraphNode.m */,
				09D65B791631BA0C001EF3C2 /* GraphEdge.h */,
				09D65B7A1631BA0C001EF3C2 /* GraphEdge.m */,
				09D65B7C1631BA39001EF3C2 /* EdgeWeight.h */,
				09D65B7D1631BA39001EF3C2 /* EdgeWeight.m */,
			);
			name = Graph;
			sourceTree = "<group>";
		};
		09E9573616094FE300F5D573 /* Stack */ = {
			isa = PBXGroup;
			children = (
				09E957381609500500F5D573 /* StackViewController.h */,
				09E957391609500500F5D573 /* StackViewController.m */,
				09E9573B1609501800F5D573 /* Stack.h */,
				09E9573C1609501800F5D573 /* Stack.m */,
			);
			name = Stack;
			sourceTree = "<group>";
		};
		09F152611612210A0088A374 /* DoublyLinkedList */ = {
			isa = PBXGroup;
			children = (
				09038F3F16125B2100D4E530 /* DoublyLinkedListViewController.h */,
				09038F4016125B2100D4E530 /* DoublyLinkedListViewController.m */,
				09F1525D161221040088A374 /* DoublyLinkedList.h */,
				09F1525E161221040088A374 /* DoublyLinkedList.m */,
			);
			name = DoublyLinkedList;
			sourceTree = "<group>";
		};
		09F929C9160EB4F400FC497A /* prettify */ = {
			isa = PBXGroup;
			children = (
				09F929FE160EC0B700FC497A /* desert.css */,
				09F929FC160EC06B00FC497A /* sunburst.css */,
				09F929FA160EC04700FC497A /* sons-of-obsidian.css */,
				09F929DC160EB4F400FC497A /* prettify.css */,
				09F929DD160EB4F400FC497A /* prettify.js */,
			);
			path = prettify;
			sourceTree = "<group>";
		};
		09FA27441617D33400738463 /* Heap */ = {
			isa = PBXGroup;
			children = (
				09FA27491617D36400738463 /* HeapViewController.h */,
				09FA274A1617D36400738463 /* HeapViewController.m */,
				094927021618CBEE00012500 /* HeapView.h */,
				094927031618CBEE00012500 /* HeapView.m */,
				09FA27461617D34D00738463 /* Heap.h */,
				09FA27471617D34D00738463 /* Heap.m */,
				09FA274C1617D4BE00738463 /* ArrayHeap.h */,
				09FA274D1617D4BE00738463 /* ArrayHeap.m */,
			);
			name = Heap;
			sourceTree = "<group>";
		};
/* End PBXGroup section */

/* Begin PBXNativeTarget section */
		095434061606D232001D3E5D /* Algorithms */ = {
			isa = PBXNativeTarget;
			buildConfigurationList = 095434431606D233001D3E5D /* Build configuration list for PBXNativeTarget "Algorithms" */;
			buildPhases = (
				095434031606D232001D3E5D /* Sources */,
				095434041606D232001D3E5D /* Frameworks */,
				095434051606D232001D3E5D /* Resources */,
				09584E0E160E4FA300AF8427 /* CopyFiles */,
				09F929F3160EB65500FC497A /* CopyFiles */,
			);
			buildRules = (
			);
			dependencies = (
			);
			name = Algorithms;
			productName = Algorithms;
			productReference = 095434071606D232001D3E5D /* Algorithms.app */;
			productType = "com.apple.product-type.application";
		};
		0954342F1606D233001D3E5D /* AlgorithmsTests */ = {
			isa = PBXNativeTarget;
			buildConfigurationList = 095434461606D233001D3E5D /* Build configuration list for PBXNativeTarget "AlgorithmsTests" */;
			buildPhases = (
				0954342B1606D233001D3E5D /* Sources */,
				0954342C1606D233001D3E5D /* Frameworks */,
				0954342D1606D233001D3E5D /* Resources */,
				0954342E1606D233001D3E5D /* ShellScript */,
			);
			buildRules = (
			);
			dependencies = (
				095434371606D233001D3E5D /* PBXTargetDependency */,
			);
			name = AlgorithmsTests;
			productName = AlgorithmsTests;
			productReference = 095434301606D233001D3E5D /* AlgorithmsTests.octest */;
			productType = "com.apple.product-type.bundle";
		};
/* End PBXNativeTarget section */

/* Begin PBXProject section */
		095433FE1606D232001D3E5D /* Project object */ = {
			isa = PBXProject;
			attributes = {
				LastUpgradeCheck = 0440;
				ORGANIZATIONNAME = balanceoni;
			};
			buildConfigurationList = 095434011606D232001D3E5D /* Build configuration list for PBXProject "Algorithms" */;
			compatibilityVersion = "Xcode 3.2";
			developmentRegion = English;
			hasScannedForEncodings = 0;
			knownRegions = (
				en,
			);
			mainGroup = 095433FC1606D232001D3E5D;
			productRefGroup = 095434081606D232001D3E5D /* Products */;
			projectDirPath = "";
			projectRoot = "";
			targets = (
				095434061606D232001D3E5D /* Algorithms */,
				0954342F1606D233001D3E5D /* AlgorithmsTests */,
			);
		};
/* End PBXProject section */

/* Begin PBXResourcesBuildPhase section */
		095434051606D232001D3E5D /* Resources */ = {
			isa = PBXResourcesBuildPhase;
			buildActionMask = 2147483647;
			files = (
				095434181606D232001D3E5D /* InfoPlist.strings in Resources */,
				095434211606D232001D3E5D /* MainStoryboard.storyboard in Resources */,
				094B746A160A6EF000C47C3E /* arrow_right.png in Resources */,
				09F0D3F4160CEB9600CF657E /* arrow_right_filled.png in Resources */,
				09F0D3F5160CEB9600CF657E /* arrow_right_filled@2x.png in Resources */,
				09F0D3F7160CEB9600CF657E /* arrow_right@2x.png in Resources */,
				099EC975160FDC3C00FD136A /* Objects.json in Resources */,
				09B4CE02162936BB00145317 /* words.txt in Resources */,
				09427AC216307A77003534CA /* Icon-144.png in Resources */,
				09427AC516307A9E003534CA /* Icon-72.png in Resources */,
				09427AC716307AC2003534CA /* Default-Landscape@2x~ipad.png in Resources */,
				09427ACD16307DBC003534CA /* Default-Landscape~ipad.png in Resources */,
				096D6C41163639E4005CF7C2 /* Welcome.png in Resources */,
				096D6C42163639E4005CF7C2 /* Welcome@2x.png in Resources */,
				096D6C4516363A71005CF7C2 /* background.png in Resources */,
				096D6C4616363A71005CF7C2 /* background@2x.png in Resources */,
			);
			runOnlyForDeploymentPostprocessing = 0;
		};
		0954342D1606D233001D3E5D /* Resources */ = {
			isa = PBXResourcesBuildPhase;
			buildActionMask = 2147483647;
			files = (
				0954343D1606D233001D3E5D /* InfoPlist.strings in Resources */,
			);
			runOnlyForDeploymentPostprocessing = 0;
		};
/* End PBXResourcesBuildPhase section */

/* Begin PBXShellScriptBuildPhase section */
		0954342E1606D233001D3E5D /* ShellScript */ = {
			isa = PBXShellScriptBuildPhase;
			buildActionMask = 2147483647;
			files = (
			);
			inputPaths = (
			);
			outputPaths = (
			);
			runOnlyForDeploymentPostprocessing = 0;
			shellPath = /bin/sh;
			shellScript = "# Run the unit tests in this test bundle.\n\"${SYSTEM_DEVELOPER_DIR}/Tools/RunUnitTests\"\n";
		};
/* End PBXShellScriptBuildPhase section */

/* Begin PBXSourcesBuildPhase section */
		095434031606D232001D3E5D /* Sources */ = {
			isa = PBXSourcesBuildPhase;
			buildActionMask = 2147483647;
			files = (
				0954341A1606D232001D3E5D /* main.m in Sources */,
				0954341E1606D232001D3E5D /* AppDelegate.m in Sources */,
				095434241606D232001D3E5D /* Algorithms.xcdatamodeld in Sources */,
				095434271606D232001D3E5D /* MasterViewController.m in Sources */,
				0954344C1606D5F3001D3E5D /* LinkedListViewController.m in Sources */,
				0954344F1606D875001D3E5D /* LinkedList.m in Sources */,
				095434521606D895001D3E5D /* ListNode.m in Sources */,
				09E9573A1609500500F5D573 /* StackViewController.m in Sources */,
				09E9573D1609501800F5D573 /* Stack.m in Sources */,
				094B746D160A6F3200C47C3E /* ArrowView.m in Sources */,
				09F0D403160CF04A00CF657E /* DataViewController.m in Sources */,
				09584E16160E55B000AF8427 /* CodePopoverController.m in Sources */,
				091F64AE160E5D0200F9439A /* CodeViewController.m in Sources */,
				09006219160FEB3100360BFE /* DataManager.m in Sources */,
				09006235160FEE8400360BFE /* Category.m in Sources */,
				09C070A516115BDD001F4C12 /* NodeView.m in Sources */,
				0937E3281612106C0044040F /* BubbleSortViewController.m in Sources */,
				0937E32D161210B00044040F /* BubbleSort.m in Sources */,
				09F1525F161221040088A374 /* DoublyLinkedList.m in Sources */,
				09038F37161252C500D4E530 /* MergeSort.m in Sources */,
				09038F3A1612554D00D4E530 /* MergeSortViewController.m in Sources */,
				09038F4116125B2200D4E530 /* DoublyLinkedListViewController.m in Sources */,
				09038F4716125F2300D4E530 /* TreeNode.m in Sources */,
				09038F4B16125F7A00D4E530 /* Node.m in Sources */,
				09038F501612615300D4E530 /* RelatedFile.m in Sources */,
				09B33FA316128C58000FF89F /* BinarySearchTree.m in Sources */,
				09B33FA61612937F000FF89F /* BSTViewController.m in Sources */,
				09FA27481617D34D00738463 /* Heap.m in Sources */,
				09FA274B1617D36400738463 /* HeapViewController.m in Sources */,
				09FA274E1617D4BE00738463 /* ArrayHeap.m in Sources */,
				09FA27511617DE1700738463 /* HeapNode.m in Sources */,
				094927041618CBEE00012500 /* HeapView.m in Sources */,
				09ADEE97161CDBF300BD0CAE /* RedBlackTreeViewController.m in Sources */,
				09ADEE9A161CDC0400BD0CAE /* RedBlackTree.m in Sources */,
				09ADEE9D161CDC7F00BD0CAE /* RedBlackNode.m in Sources */,
				09ADEEA0161CE51C00BD0CAE /* RedBlackView.m in Sources */,
				09ADEEA3161CE53500BD0CAE /* TreeView.m in Sources */,
				09ADEEA6161CE9A200BD0CAE /* TreeViewController.m in Sources */,
				09B8183F161D25CF004B026C /* AVLTreeController.m in Sources */,
				09B81842161D25E2004B026C /* AVLTree.m in Sources */,
				09B81845161D279F004B026C /* AVLNode.m in Sources */,
				09BAD66F1620BCA200ACCFF8 /* TrieViewController.m in Sources */,
				09BAD6721620BCB800ACCFF8 /* Trie.m in Sources */,
				09BAD6751620BE3200ACCFF8 /* TrieNode.m in Sources */,
				09BAD6781620C60F00ACCFF8 /* TrieView.m in Sources */,
				09BAD67E1620D76100ACCFF8 /* BubbleSortSub.m in Sources */,
				09B4CDFF16291AEB00145317 /* MergeSortSub.m in Sources */,
				09B4CE091629EFA000145317 /* SuggestionViewController.m in Sources */,
				09745B39162A6FD90031F65D /* SettingsViewController.m in Sources */,
				0961716F162FBF4B00B20431 /* Algorithm.m in Sources */,
				09617173162FC1BA00B20431 /* WikiViewController.m in Sources */,
				09D65B751631B967001EF3C2 /* GraphViewController.m in Sources */,
				09D65B781631B9A3001EF3C2 /* GraphNode.m in Sources */,
				09D65B7B1631BA0C001EF3C2 /* GraphEdge.m in Sources */,
				09D65B7E1631BA39001EF3C2 /* EdgeWeight.m in Sources */,
			);
			runOnlyForDeploymentPostprocessing = 0;
		};
		0954342B1606D233001D3E5D /* Sources */ = {
			isa = PBXSourcesBuildPhase;
			buildActionMask = 2147483647;
			files = (
				095434401606D233001D3E5D /* AlgorithmsTests.m in Sources */,
			);
			runOnlyForDeploymentPostprocessing = 0;
		};
/* End PBXSourcesBuildPhase section */

/* Begin PBXTargetDependency section */
		095434371606D233001D3E5D /* PBXTargetDependency */ = {
			isa = PBXTargetDependency;
			target = 095434061606D232001D3E5D /* Algorithms */;
			targetProxy = 095434361606D233001D3E5D /* PBXContainerItemProxy */;
		};
/* End PBXTargetDependency section */

/* Begin PBXVariantGroup section */
		095434161606D232001D3E5D /* InfoPlist.strings */ = {
			isa = PBXVariantGroup;
			children = (
				095434171606D232001D3E5D /* en */,
			);
			name = InfoPlist.strings;
			sourceTree = "<group>";
		};
		0954341F1606D232001D3E5D /* MainStoryboard.storyboard */ = {
			isa = PBXVariantGroup;
			children = (
				095434201606D232001D3E5D /* en */,
			);
			name = MainStoryboard.storyboard;
			sourceTree = "<group>";
		};
		0954343B1606D233001D3E5D /* InfoPlist.strings */ = {
			isa = PBXVariantGroup;
			children = (
				0954343C1606D233001D3E5D /* en */,
			);
			name = InfoPlist.strings;
			sourceTree = "<group>";
		};
/* End PBXVariantGroup section */

/* Begin XCBuildConfiguration section */
		095434411606D233001D3E5D /* Debug */ = {
			isa = XCBuildConfiguration;
			buildSettings = {
				ALWAYS_SEARCH_USER_PATHS = NO;
				ARCHS = "$(ARCHS_STANDARD_32_BIT)";
				CLANG_CXX_LANGUAGE_STANDARD = "gnu++0x";
				CLANG_ENABLE_OBJC_ARC = YES;
				CLANG_WARN__DUPLICATE_METHOD_MATCH = YES;
				"CODE_SIGN_IDENTITY[sdk=iphoneos*]" = "iPhone Developer";
				COPY_PHASE_STRIP = NO;
				GCC_C_LANGUAGE_STANDARD = gnu99;
				GCC_DYNAMIC_NO_PIC = NO;
				GCC_OPTIMIZATION_LEVEL = 0;
				GCC_PREPROCESSOR_DEFINITIONS = (
					"DEBUG=1",
					"$(inherited)",
				);
				GCC_SYMBOLS_PRIVATE_EXTERN = NO;
				GCC_VERSION = com.apple.compilers.llvm.clang.1_0;
				GCC_WARN_ABOUT_RETURN_TYPE = YES;
				GCC_WARN_UNINITIALIZED_AUTOS = YES;
				GCC_WARN_UNUSED_VARIABLE = YES;
				IPHONEOS_DEPLOYMENT_TARGET = 5.1;
				SDKROOT = iphoneos;
				TARGETED_DEVICE_FAMILY = 2;
			};
			name = Debug;
		};
		095434421606D233001D3E5D /* Release */ = {
			isa = XCBuildConfiguration;
			buildSettings = {
				ALWAYS_SEARCH_USER_PATHS = NO;
				ARCHS = "$(ARCHS_STANDARD_32_BIT)";
				CLANG_CXX_LANGUAGE_STANDARD = "gnu++0x";
				CLANG_ENABLE_OBJC_ARC = YES;
				CLANG_WARN__DUPLICATE_METHOD_MATCH = YES;
				"CODE_SIGN_IDENTITY[sdk=iphoneos*]" = "iPhone Developer";
				COPY_PHASE_STRIP = YES;
				GCC_C_LANGUAGE_STANDARD = gnu99;
				GCC_VERSION = com.apple.compilers.llvm.clang.1_0;
				GCC_WARN_ABOUT_RETURN_TYPE = YES;
				GCC_WARN_UNINITIALIZED_AUTOS = YES;
				GCC_WARN_UNUSED_VARIABLE = YES;
				IPHONEOS_DEPLOYMENT_TARGET = 5.1;
				OTHER_CFLAGS = "-DNS_BLOCK_ASSERTIONS=1";
				SDKROOT = iphoneos;
				TARGETED_DEVICE_FAMILY = 2;
				VALIDATE_PRODUCT = YES;
			};
			name = Release;
		};
		095434441606D233001D3E5D /* Debug */ = {
			isa = XCBuildConfiguration;
			buildSettings = {
				CODE_SIGN_ENTITLEMENTS = Algorithms/Algorithms.entitlements;
				CODE_SIGN_IDENTITY = "iPhone Developer";
				GCC_PRECOMPILE_PREFIX_HEADER = YES;
				GCC_PREFIX_HEADER = "Algorithms/Algorithms-Prefix.pch";
				INFOPLIST_FILE = "Algorithms/Algorithms-Info.plist";
				PRODUCT_NAME = "$(TARGET_NAME)";
				PROVISIONING_PROFILE = "";
				RUN_CLANG_STATIC_ANALYZER = YES;
				WRAPPER_EXTENSION = app;
			};
			name = Debug;
		};
		095434451606D233001D3E5D /* Release */ = {
			isa = XCBuildConfiguration;
			buildSettings = {
				CODE_SIGN_ENTITLEMENTS = Algorithms/Algorithms.entitlements;
				CODE_SIGN_IDENTITY = "iPhone Distribution";
				"CODE_SIGN_IDENTITY[sdk=iphoneos*]" = "iPhone Distribution";
				GCC_PRECOMPILE_PREFIX_HEADER = YES;
				GCC_PREFIX_HEADER = "Algorithms/Algorithms-Prefix.pch";
				INFOPLIST_FILE = "Algorithms/Algorithms-Info.plist";
				PRODUCT_NAME = "$(TARGET_NAME)";
				PROVISIONING_PROFILE = "";
				"PROVISIONING_PROFILE[sdk=iphoneos*]" = "";
				RUN_CLANG_STATIC_ANALYZER = YES;
				WRAPPER_EXTENSION = app;
			};
			name = Release;
		};
		095434471606D233001D3E5D /* Debug */ = {
			isa = XCBuildConfiguration;
			buildSettings = {
				BUNDLE_LOADER = "$(BUILT_PRODUCTS_DIR)/Algorithms.app/Algorithms";
				FRAMEWORK_SEARCH_PATHS = (
					"\"$(SDKROOT)/Developer/Library/Frameworks\"",
					"\"$(DEVELOPER_LIBRARY_DIR)/Frameworks\"",
				);
				GCC_PRECOMPILE_PREFIX_HEADER = YES;
				GCC_PREFIX_HEADER = "Algorithms/Algorithms-Prefix.pch";
				INFOPLIST_FILE = "AlgorithmsTests/AlgorithmsTests-Info.plist";
				PRODUCT_NAME = "$(TARGET_NAME)";
				TEST_HOST = "$(BUNDLE_LOADER)";
				WRAPPER_EXTENSION = octest;
			};
			name = Debug;
		};
		095434481606D233001D3E5D /* Release */ = {
			isa = XCBuildConfiguration;
			buildSettings = {
				BUNDLE_LOADER = "$(BUILT_PRODUCTS_DIR)/Algorithms.app/Algorithms";
				FRAMEWORK_SEARCH_PATHS = (
					"\"$(SDKROOT)/Developer/Library/Frameworks\"",
					"\"$(DEVELOPER_LIBRARY_DIR)/Frameworks\"",
				);
				GCC_PRECOMPILE_PREFIX_HEADER = YES;
				GCC_PREFIX_HEADER = "Algorithms/Algorithms-Prefix.pch";
				INFOPLIST_FILE = "AlgorithmsTests/AlgorithmsTests-Info.plist";
				PRODUCT_NAME = "$(TARGET_NAME)";
				TEST_HOST = "$(BUNDLE_LOADER)";
				WRAPPER_EXTENSION = octest;
			};
			name = Release;
		};
/* End XCBuildConfiguration section */

/* Begin XCConfigurationList section */
		095434011606D232001D3E5D /* Build configuration list for PBXProject "Algorithms" */ = {
			isa = XCConfigurationList;
			buildConfigurations = (
				095434411606D233001D3E5D /* Debug */,
				095434421606D233001D3E5D /* Release */,
			);
			defaultConfigurationIsVisible = 0;
			defaultConfigurationName = Release;
		};
		095434431606D233001D3E5D /* Build configuration list for PBXNativeTarget "Algorithms" */ = {
			isa = XCConfigurationList;
			buildConfigurations = (
				095434441606D233001D3E5D /* Debug */,
				095434451606D233001D3E5D /* Release */,
			);
			defaultConfigurationIsVisible = 0;
			defaultConfigurationName = Release;
		};
		095434461606D233001D3E5D /* Build configuration list for PBXNativeTarget "AlgorithmsTests" */ = {
			isa = XCConfigurationList;
			buildConfigurations = (
				095434471606D233001D3E5D /* Debug */,
				095434481606D233001D3E5D /* Release */,
			);
			defaultConfigurationIsVisible = 0;
			defaultConfigurationName = Release;
		};
/* End XCConfigurationList section */

/* Begin XCVersionGroup section */
		095434221606D232001D3E5D /* Algorithms.xcdatamodeld */ = {
			isa = XCVersionGroup;
			children = (
				095434231606D232001D3E5D /* Algorithms.xcdatamodel */,
			);
			currentVersion = 095434231606D232001D3E5D /* Algorithms.xcdatamodel */;
			path = Algorithms.xcdatamodeld;
			sourceTree = "<group>";
			versionGroupType = wrapper.xcdatamodel;
		};
/* End XCVersionGroup section */
	};
	rootObject = 095433FE1606D232001D3E5D /* Project object */;
}
